// !$*UTF8*$!
{
	archiveVersion = 1;
	classes = {
	};
	objectVersion = 56;
	objects = {

/* Begin PBXBuildFile section */
		AD19108D293BCCF200374FDA /* Banner1.swift in Sources */ = {isa = PBXBuildFile; fileRef = AD19108C293BCCF100374FDA /* Banner1.swift */; };
		AD19108F293BCF1100374FDA /* Banner2.swift in Sources */ = {isa = PBXBuildFile; fileRef = AD19108E293BCF1100374FDA /* Banner2.swift */; };
		AD191091293BCF3000374FDA /* Info1.swift in Sources */ = {isa = PBXBuildFile; fileRef = AD191090293BCF3000374FDA /* Info1.swift */; };
		AD191093293BCF4600374FDA /* Info2.swift in Sources */ = {isa = PBXBuildFile; fileRef = AD191092293BCF4600374FDA /* Info2.swift */; };
		AD4790A9292B10DD005F0097 /* FindMedApp.swift in Sources */ = {isa = PBXBuildFile; fileRef = AD4790A8292B10DD005F0097 /* FindMedApp.swift */; };
		AD4790AB292B10DD005F0097 /* MainView.swift in Sources */ = {isa = PBXBuildFile; fileRef = AD4790AA292B10DD005F0097 /* MainView.swift */; };
		AD4790AD292B10E1005F0097 /* Assets.xcassets in Resources */ = {isa = PBXBuildFile; fileRef = AD4790AC292B10E1005F0097 /* Assets.xcassets */; };
		AD4790B0292B10E1005F0097 /* Preview Assets.xcassets in Resources */ = {isa = PBXBuildFile; fileRef = AD4790AF292B10E1005F0097 /* Preview Assets.xcassets */; };
		AD4790BA292B10E2005F0097 /* FindMedTests.swift in Sources */ = {isa = PBXBuildFile; fileRef = AD4790B9292B10E2005F0097 /* FindMedTests.swift */; };
		AD4790C4292B10E2005F0097 /* FindMedUITests.swift in Sources */ = {isa = PBXBuildFile; fileRef = AD4790C3292B10E2005F0097 /* FindMedUITests.swift */; };
		AD4790C6292B10E2005F0097 /* FindMedUITestsLaunchTests.swift in Sources */ = {isa = PBXBuildFile; fileRef = AD4790C5292B10E2005F0097 /* FindMedUITestsLaunchTests.swift */; };
		AD7A89BF293D59270059D4BC /* MyView.swift in Sources */ = {isa = PBXBuildFile; fileRef = AD7A89BE293D59270059D4BC /* MyView.swift */; };
		AD7A89C1293D593C0059D4BC /* NearMapView.swift in Sources */ = {isa = PBXBuildFile; fileRef = AD7A89C0293D593C0059D4BC /* NearMapView.swift */; };
		AD7A89C3293D59480059D4BC /* NightMapView.swift in Sources */ = {isa = PBXBuildFile; fileRef = AD7A89C2293D59480059D4BC /* NightMapView.swift */; };
		AD7A89C5293D595A0059D4BC /* HoliMapView.swift in Sources */ = {isa = PBXBuildFile; fileRef = AD7A89C4293D595A0059D4BC /* HoliMapView.swift */; };
		AD7A89C7293D59660059D4BC /* FavoritView.swift in Sources */ = {isa = PBXBuildFile; fileRef = AD7A89C6293D59660059D4BC /* FavoritView.swift */; };
		AD7A89C9293D597A0059D4BC /* CommunityView.swift in Sources */ = {isa = PBXBuildFile; fileRef = AD7A89C8293D597A0059D4BC /* CommunityView.swift */; };
/* End PBXBuildFile section */

/* Begin PBXContainerItemProxy section */
		AD4790B6292B10E2005F0097 /* PBXContainerItemProxy */ = {
			isa = PBXContainerItemProxy;
			containerPortal = AD47909D292B10DD005F0097 /* Project object */;
			proxyType = 1;
			remoteGlobalIDString = AD4790A4292B10DD005F0097;
			remoteInfo = FindMed;
		};
		AD4790C0292B10E2005F0097 /* PBXContainerItemProxy */ = {
			isa = PBXContainerItemProxy;
			containerPortal = AD47909D292B10DD005F0097 /* Project object */;
			proxyType = 1;
			remoteGlobalIDString = AD4790A4292B10DD005F0097;
			remoteInfo = FindMed;
		};
/* End PBXContainerItemProxy section */

/* Begin PBXFileReference section */
		AD19108C293BCCF100374FDA /* Banner1.swift */ = {isa = PBXFileReference; lastKnownFileType = sourcecode.swift; path = Banner1.swift; sourceTree = "<group>"; };
		AD19108E293BCF1100374FDA /* Banner2.swift */ = {isa = PBXFileReference; lastKnownFileType = sourcecode.swift; path = Banner2.swift; sourceTree = "<group>"; };
		AD191090293BCF3000374FDA /* Info1.swift */ = {isa = PBXFileReference; lastKnownFileType = sourcecode.swift; path = Info1.swift; sourceTree = "<group>"; };
		AD191092293BCF4600374FDA /* Info2.swift */ = {isa = PBXFileReference; lastKnownFileType = sourcecode.swift; path = Info2.swift; sourceTree = "<group>"; };
		AD4790A5292B10DD005F0097 /* FindMed.app */ = {isa = PBXFileReference; explicitFileType = wrapper.application; includeInIndex = 0; path = FindMed.app; sourceTree = BUILT_PRODUCTS_DIR; };
		AD4790A8292B10DD005F0097 /* FindMedApp.swift */ = {isa = PBXFileReference; lastKnownFileType = sourcecode.swift; path = FindMedApp.swift; sourceTree = "<group>"; };
		AD4790AA292B10DD005F0097 /* MainView.swift */ = {isa = PBXFileReference; indentWidth = 4; lastKnownFileType = sourcecode.swift; path = MainView.swift; sourceTree = "<group>"; tabWidth = 5; usesTabs = 0; };
		AD4790AC292B10E1005F0097 /* Assets.xcassets */ = {isa = PBXFileReference; lastKnownFileType = folder.assetcatalog; path = Assets.xcassets; sourceTree = "<group>"; };
		AD4790AF292B10E1005F0097 /* Preview Assets.xcassets */ = {isa = PBXFileReference; lastKnownFileType = folder.assetcatalog; path = "Preview Assets.xcassets"; sourceTree = "<group>"; };
		AD4790B5292B10E2005F0097 /* FindMedTests.xctest */ = {isa = PBXFileReference; explicitFileType = wrapper.cfbundle; includeInIndex = 0; path = FindMedTests.xctest; sourceTree = BUILT_PRODUCTS_DIR; };
		AD4790B9292B10E2005F0097 /* FindMedTests.swift */ = {isa = PBXFileReference; lastKnownFileType = sourcecode.swift; path = FindMedTests.swift; sourceTree = "<group>"; };
		AD4790BF292B10E2005F0097 /* FindMedUITests.xctest */ = {isa = PBXFileReference; explicitFileType = wrapper.cfbundle; includeInIndex = 0; path = FindMedUITests.xctest; sourceTree = BUILT_PRODUCTS_DIR; };
		AD4790C3292B10E2005F0097 /* FindMedUITests.swift */ = {isa = PBXFileReference; lastKnownFileType = sourcecode.swift; path = FindMedUITests.swift; sourceTree = "<group>"; };
		AD4790C5292B10E2005F0097 /* FindMedUITestsLaunchTests.swift */ = {isa = PBXFileReference; lastKnownFileType = sourcecode.swift; path = FindMedUITestsLaunchTests.swift; sourceTree = "<group>"; };
		AD7A89BE293D59270059D4BC /* MyView.swift */ = {isa = PBXFileReference; lastKnownFileType = sourcecode.swift; path = MyView.swift; sourceTree = "<group>"; };
		AD7A89C0293D593C0059D4BC /* NearMapView.swift */ = {isa = PBXFileReference; lastKnownFileType = sourcecode.swift; path = NearMapView.swift; sourceTree = "<group>"; };
		AD7A89C2293D59480059D4BC /* NightMapView.swift */ = {isa = PBXFileReference; lastKnownFileType = sourcecode.swift; path = NightMapView.swift; sourceTree = "<group>"; };
		AD7A89C4293D595A0059D4BC /* HoliMapView.swift */ = {isa = PBXFileReference; lastKnownFileType = sourcecode.swift; path = HoliMapView.swift; sourceTree = "<group>"; };
		AD7A89C6293D59660059D4BC /* FavoritView.swift */ = {isa = PBXFileReference; lastKnownFileType = sourcecode.swift; path = FavoritView.swift; sourceTree = "<group>"; };
		AD7A89C8293D597A0059D4BC /* CommunityView.swift */ = {isa = PBXFileReference; lastKnownFileType = sourcecode.swift; path = CommunityView.swift; sourceTree = "<group>"; };
/* End PBXFileReference section */

/* Begin PBXFrameworksBuildPhase section */
		AD4790A2292B10DD005F0097 /* Frameworks */ = {
			isa = PBXFrameworksBuildPhase;
			buildActionMask = 2147483647;
			files = (
			);
			runOnlyForDeploymentPostprocessing = 0;
		};
		AD4790B2292B10E2005F0097 /* Frameworks */ = {
			isa = PBXFrameworksBuildPhase;
			buildActionMask = 2147483647;
			files = (
			);
			runOnlyForDeploymentPostprocessing = 0;
		};
		AD4790BC292B10E2005F0097 /* Frameworks */ = {
			isa = PBXFrameworksBuildPhase;
			buildActionMask = 2147483647;
			files = (
			);
			runOnlyForDeploymentPostprocessing = 0;
		};
/* End PBXFrameworksBuildPhase section */

/* Begin PBXGroup section */
		AD191094293BD8C800374FDA /* BannerInfo */ = {
			isa = PBXGroup;
			children = (
				AD19108C293BCCF100374FDA /* Banner1.swift */,
				AD19108E293BCF1100374FDA /* Banner2.swift */,
				AD191090293BCF3000374FDA /* Info1.swift */,
				AD191092293BCF4600374FDA /* Info2.swift */,
			);
			path = BannerInfo;
			sourceTree = "<group>";
		};
		AD47909C292B10DD005F0097 = {
			isa = PBXGroup;
			children = (
				AD4790A7292B10DD005F0097 /* FindMed */,
				AD4790B8292B10E2005F0097 /* FindMedTests */,
				AD4790C2292B10E2005F0097 /* FindMedUITests */,
				AD4790A6292B10DD005F0097 /* Products */,
			);
			sourceTree = "<group>";
		};
		AD4790A6292B10DD005F0097 /* Products */ = {
			isa = PBXGroup;
			children = (
				AD4790A5292B10DD005F0097 /* FindMed.app */,
				AD4790B5292B10E2005F0097 /* FindMedTests.xctest */,
				AD4790BF292B10E2005F0097 /* FindMedUITests.xctest */,
			);
			name = Products;
			sourceTree = "<group>";
		};
		AD4790A7292B10DD005F0097 /* FindMed */ = {
			isa = PBXGroup;
			children = (
				AD191094293BD8C800374FDA /* BannerInfo */,
				AD4790A8292B10DD005F0097 /* FindMedApp.swift */,
				AD4790AA292B10DD005F0097 /* MainView.swift */,
				AD7A89BE293D59270059D4BC /* MyView.swift */,
				AD7A89C0293D593C0059D4BC /* NearMapView.swift */,
				AD7A89C2293D59480059D4BC /* NightMapView.swift */,
				AD7A89C4293D595A0059D4BC /* HoliMapView.swift */,
				AD7A89C6293D59660059D4BC /* FavoritView.swift */,
				AD7A89C8293D597A0059D4BC /* CommunityView.swift */,
				AD4790AC292B10E1005F0097 /* Assets.xcassets */,
				AD4790AE292B10E1005F0097 /* Preview Content */,
			);
			path = FindMed;
			sourceTree = "<group>";
		};
		AD4790AE292B10E1005F0097 /* Preview Content */ = {
			isa = PBXGroup;
			children = (
				AD4790AF292B10E1005F0097 /* Preview Assets.xcassets */,
			);
			path = "Preview Content";
			sourceTree = "<group>";
		};
		AD4790B8292B10E2005F0097 /* FindMedTests */ = {
			isa = PBXGroup;
			children = (
				AD4790B9292B10E2005F0097 /* FindMedTests.swift */,
			);
			path = FindMedTests;
			sourceTree = "<group>";
		};
		AD4790C2292B10E2005F0097 /* FindMedUITests */ = {
			isa = PBXGroup;
			children = (
				AD4790C3292B10E2005F0097 /* FindMedUITests.swift */,
				AD4790C5292B10E2005F0097 /* FindMedUITestsLaunchTests.swift */,
			);
			path = FindMedUITests;
			sourceTree = "<group>";
		};
/* End PBXGroup section */

/* Begin PBXNativeTarget section */
		AD4790A4292B10DD005F0097 /* FindMed */ = {
			isa = PBXNativeTarget;
			buildConfigurationList = AD4790C9292B10E2005F0097 /* Build configuration list for PBXNativeTarget "FindMed" */;
			buildPhases = (
				AD4790A1292B10DD005F0097 /* Sources */,
				AD4790A2292B10DD005F0097 /* Frameworks */,
				AD4790A3292B10DD005F0097 /* Resources */,
			);
			buildRules = (
			);
			dependencies = (
			);
			name = FindMed;
			productName = FindMed;
			productReference = AD4790A5292B10DD005F0097 /* FindMed.app */;
			productType = "com.apple.product-type.application";
		};
		AD4790B4292B10E2005F0097 /* FindMedTests */ = {
			isa = PBXNativeTarget;
			buildConfigurationList = AD4790CC292B10E2005F0097 /* Build configuration list for PBXNativeTarget "FindMedTests" */;
			buildPhases = (
				AD4790B1292B10E2005F0097 /* Sources */,
				AD4790B2292B10E2005F0097 /* Frameworks */,
				AD4790B3292B10E2005F0097 /* Resources */,
			);
			buildRules = (
			);
			dependencies = (
				AD4790B7292B10E2005F0097 /* PBXTargetDependency */,
			);
			name = FindMedTests;
			productName = FindMedTests;
			productReference = AD4790B5292B10E2005F0097 /* FindMedTests.xctest */;
			productType = "com.apple.product-type.bundle.unit-test";
		};
		AD4790BE292B10E2005F0097 /* FindMedUITests */ = {
			isa = PBXNativeTarget;
			buildConfigurationList = AD4790CF292B10E2005F0097 /* Build configuration list for PBXNativeTarget "FindMedUITests" */;
			buildPhases = (
				AD4790BB292B10E2005F0097 /* Sources */,
				AD4790BC292B10E2005F0097 /* Frameworks */,
				AD4790BD292B10E2005F0097 /* Resources */,
			);
			buildRules = (
			);
			dependencies = (
				AD4790C1292B10E2005F0097 /* PBXTargetDependency */,
			);
			name = FindMedUITests;
			productName = FindMedUITests;
			productReference = AD4790BF292B10E2005F0097 /* FindMedUITests.xctest */;
			productType = "com.apple.product-type.bundle.ui-testing";
		};
/* End PBXNativeTarget section */

/* Begin PBXProject section */
		AD47909D292B10DD005F0097 /* Project object */ = {
			isa = PBXProject;
			attributes = {
				BuildIndependentTargetsInParallel = 1;
				LastSwiftUpdateCheck = 1400;
				LastUpgradeCheck = 1400;
				TargetAttributes = {
					AD4790A4292B10DD005F0097 = {
						CreatedOnToolsVersion = 14.0.1;
					};
					AD4790B4292B10E2005F0097 = {
						CreatedOnToolsVersion = 14.0.1;
						TestTargetID = AD4790A4292B10DD005F0097;
					};
					AD4790BE292B10E2005F0097 = {
						CreatedOnToolsVersion = 14.0.1;
						TestTargetID = AD4790A4292B10DD005F0097;
					};
				};
			};
			buildConfigurationList = AD4790A0292B10DD005F0097 /* Build configuration list for PBXProject "FindMed" */;
			compatibilityVersion = "Xcode 14.0";
			developmentRegion = en;
			hasScannedForEncodings = 0;
			knownRegions = (
				en,
				Base,
			);
			mainGroup = AD47909C292B10DD005F0097;
			productRefGroup = AD4790A6292B10DD005F0097 /* Products */;
			projectDirPath = "";
			projectRoot = "";
			targets = (
				AD4790A4292B10DD005F0097 /* FindMed */,
				AD4790B4292B10E2005F0097 /* FindMedTests */,
				AD4790BE292B10E2005F0097 /* FindMedUITests */,
			);
		};
/* End PBXProject section */

/* Begin PBXResourcesBuildPhase section */
		AD4790A3292B10DD005F0097 /* Resources */ = {
			isa = PBXResourcesBuildPhase;
			buildActionMask = 2147483647;
			files = (
				AD4790B0292B10E1005F0097 /* Preview Assets.xcassets in Resources */,
				AD4790AD292B10E1005F0097 /* Assets.xcassets in Resources */,
			);
			runOnlyForDeploymentPostprocessing = 0;
		};
		AD4790B3292B10E2005F0097 /* Resources */ = {
			isa = PBXResourcesBuildPhase;
			buildActionMask = 2147483647;
			files = (
			);
			runOnlyForDeploymentPostprocessing = 0;
		};
		AD4790BD292B10E2005F0097 /* Resources */ = {
			isa = PBXResourcesBuildPhase;
			buildActionMask = 2147483647;
			files = (
			);
			runOnlyForDeploymentPostprocessing = 0;
		};
/* End PBXResourcesBuildPhase section */

/* Begin PBXSourcesBuildPhase section */
		AD4790A1292B10DD005F0097 /* Sources */ = {
			isa = PBXSourcesBuildPhase;
			buildActionMask = 2147483647;
			files = (
				AD7A89C7293D59660059D4BC /* FavoritView.swift in Sources */,
				AD7A89BF293D59270059D4BC /* MyView.swift in Sources */,
				AD7A89C9293D597A0059D4BC /* CommunityView.swift in Sources */,
				AD191093293BCF4600374FDA /* Info2.swift in Sources */,
				AD19108F293BCF1100374FDA /* Banner2.swift in Sources */,
				AD7A89C3293D59480059D4BC /* NightMapView.swift in Sources */,
				AD7A89C1293D593C0059D4BC /* NearMapView.swift in Sources */,
				AD4790AB292B10DD005F0097 /* MainView.swift in Sources */,
				AD19108D293BCCF200374FDA /* Banner1.swift in Sources */,
				AD191091293BCF3000374FDA /* Info1.swift in Sources */,
				AD4790A9292B10DD005F0097 /* FindMedApp.swift in Sources */,
				AD7A89C5293D595A0059D4BC /* HoliMapView.swift in Sources */,
			);
			runOnlyForDeploymentPostprocessing = 0;
		};
		AD4790B1292B10E2005F0097 /* Sources */ = {
			isa = PBXSourcesBuildPhase;
			buildActionMask = 2147483647;
			files = (
				AD4790BA292B10E2005F0097 /* FindMedTests.swift in Sources */,
			);
			runOnlyForDeploymentPostprocessing = 0;
		};
		AD4790BB292B10E2005F0097 /* Sources */ = {
			isa = PBXSourcesBuildPhase;
			buildActionMask = 2147483647;
			files = (
				AD4790C6292B10E2005F0097 /* FindMedUITestsLaunchTests.swift in Sources */,
				AD4790C4292B10E2005F0097 /* FindMedUITests.swift in Sources */,
			);
			runOnlyForDeploymentPostprocessing = 0;
		};
/* End PBXSourcesBuildPhase section */

/* Begin PBXTargetDependency section */
		AD4790B7292B10E2005F0097 /* PBXTargetDependency */ = {
			isa = PBXTargetDependency;
			target = AD4790A4292B10DD005F0097 /* FindMed */;
			targetProxy = AD4790B6292B10E2005F0097 /* PBXContainerItemProxy */;
		};
		AD4790C1292B10E2005F0097 /* PBXTargetDependency */ = {
			isa = PBXTargetDependency;
			target = AD4790A4292B10DD005F0097 /* FindMed */;
			targetProxy = AD4790C0292B10E2005F0097 /* PBXContainerItemProxy */;
		};
/* End PBXTargetDependency section */

/* Begin XCBuildConfiguration section */
		AD4790C7292B10E2005F0097 /* Debug */ = {
			isa = XCBuildConfiguration;
			buildSettings = {
				ALWAYS_SEARCH_USER_PATHS = NO;
				CLANG_ANALYZER_NONNULL = YES;
				CLANG_ANALYZER_NUMBER_OBJECT_CONVERSION = YES_AGGRESSIVE;
				CLANG_CXX_LANGUAGE_STANDARD = "gnu++20";
				CLANG_ENABLE_MODULES = YES;
				CLANG_ENABLE_OBJC_ARC = YES;
				CLANG_ENABLE_OBJC_WEAK = YES;
				CLANG_WARN_BLOCK_CAPTURE_AUTORELEASING = YES;
				CLANG_WARN_BOOL_CONVERSION = YES;
				CLANG_WARN_COMMA = YES;
				CLANG_WARN_CONSTANT_CONVERSION = YES;
				CLANG_WARN_DEPRECATED_OBJC_IMPLEMENTATIONS = YES;
				CLANG_WARN_DIRECT_OBJC_ISA_USAGE = YES_ERROR;
				CLANG_WARN_DOCUMENTATION_COMMENTS = YES;
				CLANG_WARN_EMPTY_BODY = YES;
				CLANG_WARN_ENUM_CONVERSION = YES;
				CLANG_WARN_INFINITE_RECURSION = YES;
				CLANG_WARN_INT_CONVERSION = YES;
				CLANG_WARN_NON_LITERAL_NULL_CONVERSION = YES;
				CLANG_WARN_OBJC_IMPLICIT_RETAIN_SELF = YES;
				CLANG_WARN_OBJC_LITERAL_CONVERSION = YES;
				CLANG_WARN_OBJC_ROOT_CLASS = YES_ERROR;
				CLANG_WARN_QUOTED_INCLUDE_IN_FRAMEWORK_HEADER = YES;
				CLANG_WARN_RANGE_LOOP_ANALYSIS = YES;
				CLANG_WARN_STRICT_PROTOTYPES = YES;
				CLANG_WARN_SUSPICIOUS_MOVE = YES;
				CLANG_WARN_UNGUARDED_AVAILABILITY = YES_AGGRESSIVE;
				CLANG_WARN_UNREACHABLE_CODE = YES;
				CLANG_WARN__DUPLICATE_METHOD_MATCH = YES;
				COPY_PHASE_STRIP = NO;
				DEBUG_INFORMATION_FORMAT = dwarf;
				ENABLE_STRICT_OBJC_MSGSEND = YES;
				ENABLE_TESTABILITY = YES;
				GCC_C_LANGUAGE_STANDARD = gnu11;
				GCC_DYNAMIC_NO_PIC = NO;
				GCC_NO_COMMON_BLOCKS = YES;
				GCC_OPTIMIZATION_LEVEL = 0;
				GCC_PREPROCESSOR_DEFINITIONS = (
					"DEBUG=1",
					"$(inherited)",
				);
				GCC_WARN_64_TO_32_BIT_CONVERSION = YES;
				GCC_WARN_ABOUT_RETURN_TYPE = YES_ERROR;
				GCC_WARN_UNDECLARED_SELECTOR = YES;
				GCC_WARN_UNINITIALIZED_AUTOS = YES_AGGRESSIVE;
				GCC_WARN_UNUSED_FUNCTION = YES;
				GCC_WARN_UNUSED_VARIABLE = YES;
				IPHONEOS_DEPLOYMENT_TARGET = 16.0;
				MTL_ENABLE_DEBUG_INFO = INCLUDE_SOURCE;
				MTL_FAST_MATH = YES;
				ONLY_ACTIVE_ARCH = YES;
				SDKROOT = iphoneos;
				SWIFT_ACTIVE_COMPILATION_CONDITIONS = DEBUG;
				SWIFT_OPTIMIZATION_LEVEL = "-Onone";
			};
			name = Debug;
		};
		AD4790C8292B10E2005F0097 /* Release */ = {
			isa = XCBuildConfiguration;
			buildSettings = {
				ALWAYS_SEARCH_USER_PATHS = NO;
				CLANG_ANALYZER_NONNULL = YES;
				CLANG_ANALYZER_NUMBER_OBJECT_CONVERSION = YES_AGGRESSIVE;
				CLANG_CXX_LANGUAGE_STANDARD = "gnu++20";
				CLANG_ENABLE_MODULES = YES;
				CLANG_ENABLE_OBJC_ARC = YES;
				CLANG_ENABLE_OBJC_WEAK = YES;
				CLANG_WARN_BLOCK_CAPTURE_AUTORELEASING = YES;
				CLANG_WARN_BOOL_CONVERSION = YES;
				CLANG_WARN_COMMA = YES;
				CLANG_WARN_CONSTANT_CONVERSION = YES;
				CLANG_WARN_DEPRECATED_OBJC_IMPLEMENTATIONS = YES;
				CLANG_WARN_DIRECT_OBJC_ISA_USAGE = YES_ERROR;
				CLANG_WARN_DOCUMENTATION_COMMENTS = YES;
				CLANG_WARN_EMPTY_BODY = YES;
				CLANG_WARN_ENUM_CONVERSION = YES;
				CLANG_WARN_INFINITE_RECURSION = YES;
				CLANG_WARN_INT_CONVERSION = YES;
				CLANG_WARN_NON_LITERAL_NULL_CONVERSION = YES;
				CLANG_WARN_OBJC_IMPLICIT_RETAIN_SELF = YES;
				CLANG_WARN_OBJC_LITERAL_CONVERSION = YES;
				CLANG_WARN_OBJC_ROOT_CLASS = YES_ERROR;
				CLANG_WARN_QUOTED_INCLUDE_IN_FRAMEWORK_HEADER = YES;
				CLANG_WARN_RANGE_LOOP_ANALYSIS = YES;
				CLANG_WARN_STRICT_PROTOTYPES = YES;
				CLANG_WARN_SUSPICIOUS_MOVE = YES;
				CLANG_WARN_UNGUARDED_AVAILABILITY = YES_AGGRESSIVE;
				CLANG_WARN_UNREACHABLE_CODE = YES;
				CLANG_WARN__DUPLICATE_METHOD_MATCH = YES;
				COPY_PHASE_STRIP = NO;
				DEBUG_INFORMATION_FORMAT = "dwarf-with-dsym";
				ENABLE_NS_ASSERTIONS = NO;
				ENABLE_STRICT_OBJC_MSGSEND = YES;
				GCC_C_LANGUAGE_STANDARD = gnu11;
				GCC_NO_COMMON_BLOCKS = YES;
				GCC_WARN_64_TO_32_BIT_CONVERSION = YES;
				GCC_WARN_ABOUT_RETURN_TYPE = YES_ERROR;
				GCC_WARN_UNDECLARED_SELECTOR = YES;
				GCC_WARN_UNINITIALIZED_AUTOS = YES_AGGRESSIVE;
				GCC_WARN_UNUSED_FUNCTION = YES;
				GCC_WARN_UNUSED_VARIABLE = YES;
				IPHONEOS_DEPLOYMENT_TARGET = 16.0;
				MTL_ENABLE_DEBUG_INFO = NO;
				MTL_FAST_MATH = YES;
				SDKROOT = iphoneos;
				SWIFT_COMPILATION_MODE = wholemodule;
				SWIFT_OPTIMIZATION_LEVEL = "-O";
				VALIDATE_PRODUCT = YES;
			};
			name = Release;
		};
		AD4790CA292B10E2005F0097 /* Debug */ = {
			isa = XCBuildConfiguration;
			buildSettings = {
				ASSETCATALOG_COMPILER_APPICON_NAME = AppIcon;
				ASSETCATALOG_COMPILER_GLOBAL_ACCENT_COLOR_NAME = AccentColor;
				CODE_SIGN_STYLE = Automatic;
				CURRENT_PROJECT_VERSION = 1;
				DEVELOPMENT_ASSET_PATHS = "\"FindMed/Preview Content\"";
				ENABLE_PREVIEWS = YES;
				GENERATE_INFOPLIST_FILE = YES;
				INFOPLIST_KEY_UIApplicationSceneManifest_Generation = YES;
				INFOPLIST_KEY_UIApplicationSupportsIndirectInputEvents = YES;
				INFOPLIST_KEY_UILaunchScreen_Generation = YES;
				INFOPLIST_KEY_UISupportedInterfaceOrientations_iPad = "UIInterfaceOrientationPortrait UIInterfaceOrientationPortraitUpsideDown UIInterfaceOrientationLandscapeLeft UIInterfaceOrientationLandscapeRight";
				INFOPLIST_KEY_UISupportedInterfaceOrientations_iPhone = "UIInterfaceOrientationPortrait UIInterfaceOrientationLandscapeLeft UIInterfaceOrientationLandscapeRight";
				LD_RUNPATH_SEARCH_PATHS = (
					"$(inherited)",
					"@executable_path/Frameworks",
				);
				MARKETING_VERSION = 1.0;
				PRODUCT_BUNDLE_IDENTIFIER = hchaehyun.FindMed;
				PRODUCT_NAME = "$(TARGET_NAME)";
				SWIFT_EMIT_LOC_STRINGS = YES;
				SWIFT_VERSION = 5.0;
				TARGETED_DEVICE_FAMILY = "1,2";
			};
			name = Debug;
		};
		AD4790CB292B10E2005F0097 /* Release */ = {
			isa = XCBuildConfiguration;
			buildSettings = {
				ASSETCATALOG_COMPILER_APPICON_NAME = AppIcon;
				ASSETCATALOG_COMPILER_GLOBAL_ACCENT_COLOR_NAME = AccentColor;
				CODE_SIGN_STYLE = Automatic;
				CURRENT_PROJECT_VERSION = 1;
				DEVELOPMENT_ASSET_PATHS = "\"FindMed/Preview Content\"";
				ENABLE_PREVIEWS = YES;
				GENERATE_INFOPLIST_FILE = YES;
				INFOPLIST_KEY_UIApplicationSceneManifest_Generation = YES;
				INFOPLIST_KEY_UIApplicationSupportsIndirectInputEvents = YES;
				INFOPLIST_KEY_UILaunchScreen_Generation = YES;
				INFOPLIST_KEY_UISupportedInterfaceOrientations_iPad = "UIInterfaceOrientationPortrait UIInterfaceOrientationPortraitUpsideDown UIInterfaceOrientationLandscapeLeft UIInterfaceOrientationLandscapeRight";
				INFOPLIST_KEY_UISupportedInterfaceOrientations_iPhone = "UIInterfaceOrientationPortrait UIInterfaceOrientationLandscapeLeft UIInterfaceOrientationLandscapeRight";
				LD_RUNPATH_SEARCH_PATHS = (
					"$(inherited)",
					"@executable_path/Frameworks",
				);
				MARKETING_VERSION = 1.0;
				PRODUCT_BUNDLE_IDENTIFIER = hchaehyun.FindMed;
				PRODUCT_NAME = "$(TARGET_NAME)";
				SWIFT_EMIT_LOC_STRINGS = YES;
				SWIFT_VERSION = 5.0;
				TARGETED_DEVICE_FAMILY = "1,2";
			};
			name = Release;
		};
		AD4790CD292B10E2005F0097 /* Debug */ = {
			isa = XCBuildConfiguration;
			buildSettings = {
				ALWAYS_EMBED_SWIFT_STANDARD_LIBRARIES = YES;
				BUNDLE_LOADER = "$(TEST_HOST)";
				CODE_SIGN_STYLE = Automatic;
				CURRENT_PROJECT_VERSION = 1;
				GENERATE_INFOPLIST_FILE = YES;
				IPHONEOS_DEPLOYMENT_TARGET = 16.0;
				MARKETING_VERSION = 1.0;
				PRODUCT_BUNDLE_IDENTIFIER = hchaehyun.FindMedTests;
				PRODUCT_NAME = "$(TARGET_NAME)";
				SWIFT_EMIT_LOC_STRINGS = NO;
				SWIFT_VERSION = 5.0;
				TARGETED_DEVICE_FAMILY = "1,2";
				TEST_HOST = "$(BUILT_PRODUCTS_DIR)/FindMed.app/$(BUNDLE_EXECUTABLE_FOLDER_PATH)/FindMed";
			};
			name = Debug;
		};
		AD4790CE292B10E2005F0097 /* Release */ = {
			isa = XCBuildConfiguration;
			buildSettings = {
				ALWAYS_EMBED_SWIFT_STANDARD_LIBRARIES = YES;
				BUNDLE_LOADER = "$(TEST_HOST)";
				CODE_SIGN_STYLE = Automatic;
				CURRENT_PROJECT_VERSION = 1;
				GENERATE_INFOPLIST_FILE = YES;
				IPHONEOS_DEPLOYMENT_TARGET = 16.0;
				MARKETING_VERSION = 1.0;
				PRODUCT_BUNDLE_IDENTIFIER = hchaehyun.FindMedTests;
				PRODUCT_NAME = "$(TARGET_NAME)";
				SWIFT_EMIT_LOC_STRINGS = NO;
				SWIFT_VERSION = 5.0;
				TARGETED_DEVICE_FAMILY = "1,2";
				TEST_HOST = "$(BUILT_PRODUCTS_DIR)/FindMed.app/$(BUNDLE_EXECUTABLE_FOLDER_PATH)/FindMed";
			};
			name = Release;
		};
		AD4790D0292B10E2005F0097 /* Debug */ = {
			isa = XCBuildConfiguration;
			buildSettings = {
				ALWAYS_EMBED_SWIFT_STANDARD_LIBRARIES = YES;
				CODE_SIGN_STYLE = Automatic;
				CURRENT_PROJECT_VERSION = 1;
				GENERATE_INFOPLIST_FILE = YES;
				MARKETING_VERSION = 1.0;
				PRODUCT_BUNDLE_IDENTIFIER = hchaehyun.FindMedUITests;
				PRODUCT_NAME = "$(TARGET_NAME)";
				SWIFT_EMIT_LOC_STRINGS = NO;
				SWIFT_VERSION = 5.0;
				TARGETED_DEVICE_FAMILY = "1,2";
				TEST_TARGET_NAME = FindMed;
			};
			name = Debug;
		};
		AD4790D1292B10E2005F0097 /* Release */ = {
			isa = XCBuildConfiguration;
			buildSettings = {
				ALWAYS_EMBED_SWIFT_STANDARD_LIBRARIES = YES;
				CODE_SIGN_STYLE = Automatic;
				CURRENT_PROJECT_VERSION = 1;
				GENERATE_INFOPLIST_FILE = YES;
				MARKETING_VERSION = 1.0;
				PRODUCT_BUNDLE_IDENTIFIER = hchaehyun.FindMedUITests;
				PRODUCT_NAME = "$(TARGET_NAME)";
				SWIFT_EMIT_LOC_STRINGS = NO;
				SWIFT_VERSION = 5.0;
				TARGETED_DEVICE_FAMILY = "1,2";
				TEST_TARGET_NAME = FindMed;
			};
			name = Release;
		};
/* End XCBuildConfiguration section */

/* Begin XCConfigurationList section */
		AD4790A0292B10DD005F0097 /* Build configuration list for PBXProject "FindMed" */ = {
			isa = XCConfigurationList;
			buildConfigurations = (
				AD4790C7292B10E2005F0097 /* Debug */,
				AD4790C8292B10E2005F0097 /* Release */,
			);
			defaultConfigurationIsVisible = 0;
			defaultConfigurationName = Release;
		};
		AD4790C9292B10E2005F0097 /* Build configuration list for PBXNativeTarget "FindMed" */ = {
			isa = XCConfigurationList;
			buildConfigurations = (
				AD4790CA292B10E2005F0097 /* Debug */,
				AD4790CB292B10E2005F0097 /* Release */,
			);
			defaultConfigurationIsVisible = 0;
			defaultConfigurationName = Release;
		};
		AD4790CC292B10E2005F0097 /* Build configuration list for PBXNativeTarget "FindMedTests" */ = {
			isa = XCConfigurationList;
			buildConfigurations = (
				AD4790CD292B10E2005F0097 /* Debug */,
				AD4790CE292B10E2005F0097 /* Release */,
			);
			defaultConfigurationIsVisible = 0;
			defaultConfigurationName = Release;
		};
		AD4790CF292B10E2005F0097 /* Build configuration list for PBXNativeTarget "FindMedUITests" */ = {
			isa = XCConfigurationList;
			buildConfigurations = (
				AD4790D0292B10E2005F0097 /* Debug */,
				AD4790D1292B10E2005F0097 /* Release */,
			);
			defaultConfigurationIsVisible = 0;
			defaultConfigurationName = Release;
		};
/* End XCConfigurationList section */
	};
	rootObject = AD47909D292B10DD005F0097 /* Project object */;
}
