// !$*UTF8*$!
{
	archiveVersion = 1;
	classes = {
	};
	objectVersion = 56;
	objects = {

/* Begin PBXBuildFile section */
		ADC1E211293BF46700175CF6 /* TestScrollApp.swift in Sources */ = {isa = PBXBuildFile; fileRef = ADC1E210293BF46700175CF6 /* TestScrollApp.swift */; };
		ADC1E213293BF46700175CF6 /* ContentView.swift in Sources */ = {isa = PBXBuildFile; fileRef = ADC1E212293BF46700175CF6 /* ContentView.swift */; };
		ADC1E215293BF46C00175CF6 /* Assets.xcassets in Resources */ = {isa = PBXBuildFile; fileRef = ADC1E214293BF46C00175CF6 /* Assets.xcassets */; };
		ADC1E218293BF46C00175CF6 /* Preview Assets.xcassets in Resources */ = {isa = PBXBuildFile; fileRef = ADC1E217293BF46C00175CF6 /* Preview Assets.xcassets */; };
		ADC1E222293BF46D00175CF6 /* TestScrollTests.swift in Sources */ = {isa = PBXBuildFile; fileRef = ADC1E221293BF46D00175CF6 /* TestScrollTests.swift */; };
		ADC1E22C293BF46D00175CF6 /* TestScrollUITests.swift in Sources */ = {isa = PBXBuildFile; fileRef = ADC1E22B293BF46D00175CF6 /* TestScrollUITests.swift */; };
		ADC1E22E293BF46D00175CF6 /* TestScrollUITestsLaunchTests.swift in Sources */ = {isa = PBXBuildFile; fileRef = ADC1E22D293BF46D00175CF6 /* TestScrollUITestsLaunchTests.swift */; };
/* End PBXBuildFile section */

/* Begin PBXContainerItemProxy section */
		ADC1E21E293BF46D00175CF6 /* PBXContainerItemProxy */ = {
			isa = PBXContainerItemProxy;
			containerPortal = ADC1E205293BF46700175CF6 /* Project object */;
			proxyType = 1;
			remoteGlobalIDString = ADC1E20C293BF46700175CF6;
			remoteInfo = TestScroll;
		};
		ADC1E228293BF46D00175CF6 /* PBXContainerItemProxy */ = {
			isa = PBXContainerItemProxy;
			containerPortal = ADC1E205293BF46700175CF6 /* Project object */;
			proxyType = 1;
			remoteGlobalIDString = ADC1E20C293BF46700175CF6;
			remoteInfo = TestScroll;
		};
/* End PBXContainerItemProxy section */

/* Begin PBXFileReference section */
		ADC1E20D293BF46700175CF6 /* TestScroll.app */ = {isa = PBXFileReference; explicitFileType = wrapper.application; includeInIndex = 0; path = TestScroll.app; sourceTree = BUILT_PRODUCTS_DIR; };
		ADC1E210293BF46700175CF6 /* TestScrollApp.swift */ = {isa = PBXFileReference; lastKnownFileType = sourcecode.swift; path = TestScrollApp.swift; sourceTree = "<group>"; };
		ADC1E212293BF46700175CF6 /* ContentView.swift */ = {isa = PBXFileReference; lastKnownFileType = sourcecode.swift; path = ContentView.swift; sourceTree = "<group>"; };
		ADC1E214293BF46C00175CF6 /* Assets.xcassets */ = {isa = PBXFileReference; lastKnownFileType = folder.assetcatalog; path = Assets.xcassets; sourceTree = "<group>"; };
		ADC1E217293BF46C00175CF6 /* Preview Assets.xcassets */ = {isa = PBXFileReference; lastKnownFileType = folder.assetcatalog; path = "Preview Assets.xcassets"; sourceTree = "<group>"; };
		ADC1E21D293BF46D00175CF6 /* TestScrollTests.xctest */ = {isa = PBXFileReference; explicitFileType = wrapper.cfbundle; includeInIndex = 0; path = TestScrollTests.xctest; sourceTree = BUILT_PRODUCTS_DIR; };
		ADC1E221293BF46D00175CF6 /* TestScrollTests.swift */ = {isa = PBXFileReference; lastKnownFileType = sourcecode.swift; path = TestScrollTests.swift; sourceTree = "<group>"; };
		ADC1E227293BF46D00175CF6 /* TestScrollUITests.xctest */ = {isa = PBXFileReference; explicitFileType = wrapper.cfbundle; includeInIndex = 0; path = TestScrollUITests.xctest; sourceTree = BUILT_PRODUCTS_DIR; };
		ADC1E22B293BF46D00175CF6 /* TestScrollUITests.swift */ = {isa = PBXFileReference; lastKnownFileType = sourcecode.swift; path = TestScrollUITests.swift; sourceTree = "<group>"; };
		ADC1E22D293BF46D00175CF6 /* TestScrollUITestsLaunchTests.swift */ = {isa = PBXFileReference; lastKnownFileType = sourcecode.swift; path = TestScrollUITestsLaunchTests.swift; sourceTree = "<group>"; };
/* End PBXFileReference section */

/* Begin PBXFrameworksBuildPhase section */
		ADC1E20A293BF46700175CF6 /* Frameworks */ = {
			isa = PBXFrameworksBuildPhase;
			buildActionMask = 2147483647;
			files = (
			);
			runOnlyForDeploymentPostprocessing = 0;
		};
		ADC1E21A293BF46D00175CF6 /* Frameworks */ = {
			isa = PBXFrameworksBuildPhase;
			buildActionMask = 2147483647;
			files = (
			);
			runOnlyForDeploymentPostprocessing = 0;
		};
		ADC1E224293BF46D00175CF6 /* Frameworks */ = {
			isa = PBXFrameworksBuildPhase;
			buildActionMask = 2147483647;
			files = (
			);
			runOnlyForDeploymentPostprocessing = 0;
		};
/* End PBXFrameworksBuildPhase section */

/* Begin PBXGroup section */
		ADC1E204293BF46700175CF6 = {
			isa = PBXGroup;
			children = (
				ADC1E20F293BF46700175CF6 /* TestScroll */,
				ADC1E220293BF46D00175CF6 /* TestScrollTests */,
				ADC1E22A293BF46D00175CF6 /* TestScrollUITests */,
				ADC1E20E293BF46700175CF6 /* Products */,
			);
			sourceTree = "<group>";
		};
		ADC1E20E293BF46700175CF6 /* Products */ = {
			isa = PBXGroup;
			children = (
				ADC1E20D293BF46700175CF6 /* TestScroll.app */,
				ADC1E21D293BF46D00175CF6 /* TestScrollTests.xctest */,
				ADC1E227293BF46D00175CF6 /* TestScrollUITests.xctest */,
			);
			name = Products;
			sourceTree = "<group>";
		};
		ADC1E20F293BF46700175CF6 /* TestScroll */ = {
			isa = PBXGroup;
			children = (
				ADC1E210293BF46700175CF6 /* TestScrollApp.swift */,
				ADC1E212293BF46700175CF6 /* ContentView.swift */,
				ADC1E214293BF46C00175CF6 /* Assets.xcassets */,
				ADC1E216293BF46C00175CF6 /* Preview Content */,
			);
			path = TestScroll;
			sourceTree = "<group>";
		};
		ADC1E216293BF46C00175CF6 /* Preview Content */ = {
			isa = PBXGroup;
			children = (
				ADC1E217293BF46C00175CF6 /* Preview Assets.xcassets */,
			);
			path = "Preview Content";
			sourceTree = "<group>";
		};
		ADC1E220293BF46D00175CF6 /* TestScrollTests */ = {
			isa = PBXGroup;
			children = (
				ADC1E221293BF46D00175CF6 /* TestScrollTests.swift */,
			);
			path = TestScrollTests;
			sourceTree = "<group>";
		};
		ADC1E22A293BF46D00175CF6 /* TestScrollUITests */ = {
			isa = PBXGroup;
			children = (
				ADC1E22B293BF46D00175CF6 /* TestScrollUITests.swift */,
				ADC1E22D293BF46D00175CF6 /* TestScrollUITestsLaunchTests.swift */,
			);
			path = TestScrollUITests;
			sourceTree = "<group>";
		};
/* End PBXGroup section */

/* Begin PBXNativeTarget section */
		ADC1E20C293BF46700175CF6 /* TestScroll */ = {
			isa = PBXNativeTarget;
			buildConfigurationList = ADC1E231293BF46D00175CF6 /* Build configuration list for PBXNativeTarget "TestScroll" */;
			buildPhases = (
				ADC1E209293BF46700175CF6 /* Sources */,
				ADC1E20A293BF46700175CF6 /* Frameworks */,
				ADC1E20B293BF46700175CF6 /* Resources */,
			);
			buildRules = (
			);
			dependencies = (
			);
			name = TestScroll;
			productName = TestScroll;
			productReference = ADC1E20D293BF46700175CF6 /* TestScroll.app */;
			productType = "com.apple.product-type.application";
		};
		ADC1E21C293BF46D00175CF6 /* TestScrollTests */ = {
			isa = PBXNativeTarget;
			buildConfigurationList = ADC1E234293BF46D00175CF6 /* Build configuration list for PBXNativeTarget "TestScrollTests" */;
			buildPhases = (
				ADC1E219293BF46D00175CF6 /* Sources */,
				ADC1E21A293BF46D00175CF6 /* Frameworks */,
				ADC1E21B293BF46D00175CF6 /* Resources */,
			);
			buildRules = (
			);
			dependencies = (
				ADC1E21F293BF46D00175CF6 /* PBXTargetDependency */,
			);
			name = TestScrollTests;
			productName = TestScrollTests;
			productReference = ADC1E21D293BF46D00175CF6 /* TestScrollTests.xctest */;
			productType = "com.apple.product-type.bundle.unit-test";
		};
		ADC1E226293BF46D00175CF6 /* TestScrollUITests */ = {
			isa = PBXNativeTarget;
			buildConfigurationList = ADC1E237293BF46D00175CF6 /* Build configuration list for PBXNativeTarget "TestScrollUITests" */;
			buildPhases = (
				ADC1E223293BF46D00175CF6 /* Sources */,
				ADC1E224293BF46D00175CF6 /* Frameworks */,
				ADC1E225293BF46D00175CF6 /* Resources */,
			);
			buildRules = (
			);
			dependencies = (
				ADC1E229293BF46D00175CF6 /* PBXTargetDependency */,
			);
			name = TestScrollUITests;
			productName = TestScrollUITests;
			productReference = ADC1E227293BF46D00175CF6 /* TestScrollUITests.xctest */;
			productType = "com.apple.product-type.bundle.ui-testing";
		};
/* End PBXNativeTarget section */

/* Begin PBXProject section */
		ADC1E205293BF46700175CF6 /* Project object */ = {
			isa = PBXProject;
			attributes = {
				BuildIndependentTargetsInParallel = 1;
				LastSwiftUpdateCheck = 1400;
				LastUpgradeCheck = 1400;
				TargetAttributes = {
					ADC1E20C293BF46700175CF6 = {
						CreatedOnToolsVersion = 14.0.1;
					};
					ADC1E21C293BF46D00175CF6 = {
						CreatedOnToolsVersion = 14.0.1;
						TestTargetID = ADC1E20C293BF46700175CF6;
					};
					ADC1E226293BF46D00175CF6 = {
						CreatedOnToolsVersion = 14.0.1;
						TestTargetID = ADC1E20C293BF46700175CF6;
					};
				};
			};
			buildConfigurationList = ADC1E208293BF46700175CF6 /* Build configuration list for PBXProject "TestScroll" */;
			compatibilityVersion = "Xcode 14.0";
			developmentRegion = en;
			hasScannedForEncodings = 0;
			knownRegions = (
				en,
				Base,
			);
			mainGroup = ADC1E204293BF46700175CF6;
			productRefGroup = ADC1E20E293BF46700175CF6 /* Products */;
			projectDirPath = "";
			projectRoot = "";
			targets = (
				ADC1E20C293BF46700175CF6 /* TestScroll */,
				ADC1E21C293BF46D00175CF6 /* TestScrollTests */,
				ADC1E226293BF46D00175CF6 /* TestScrollUITests */,
			);
		};
/* End PBXProject section */

/* Begin PBXResourcesBuildPhase section */
		ADC1E20B293BF46700175CF6 /* Resources */ = {
			isa = PBXResourcesBuildPhase;
			buildActionMask = 2147483647;
			files = (
				ADC1E218293BF46C00175CF6 /* Preview Assets.xcassets in Resources */,
				ADC1E215293BF46C00175CF6 /* Assets.xcassets in Resources */,
			);
			runOnlyForDeploymentPostprocessing = 0;
		};
		ADC1E21B293BF46D00175CF6 /* Resources */ = {
			isa = PBXResourcesBuildPhase;
			buildActionMask = 2147483647;
			files = (
			);
			runOnlyForDeploymentPostprocessing = 0;
		};
		ADC1E225293BF46D00175CF6 /* Resources */ = {
			isa = PBXResourcesBuildPhase;
			buildActionMask = 2147483647;
			files = (
			);
			runOnlyForDeploymentPostprocessing = 0;
		};
/* End PBXResourcesBuildPhase section */

/* Begin PBXSourcesBuildPhase section */
		ADC1E209293BF46700175CF6 /* Sources */ = {
			isa = PBXSourcesBuildPhase;
			buildActionMask = 2147483647;
			files = (
				ADC1E213293BF46700175CF6 /* ContentView.swift in Sources */,
				ADC1E211293BF46700175CF6 /* TestScrollApp.swift in Sources */,
			);
			runOnlyForDeploymentPostprocessing = 0;
		};
		ADC1E219293BF46D00175CF6 /* Sources */ = {
			isa = PBXSourcesBuildPhase;
			buildActionMask = 2147483647;
			files = (
				ADC1E222293BF46D00175CF6 /* TestScrollTests.swift in Sources */,
			);
			runOnlyForDeploymentPostprocessing = 0;
		};
		ADC1E223293BF46D00175CF6 /* Sources */ = {
			isa = PBXSourcesBuildPhase;
			buildActionMask = 2147483647;
			files = (
				ADC1E22C293BF46D00175CF6 /* TestScrollUITests.swift in Sources */,
				ADC1E22E293BF46D00175CF6 /* TestScrollUITestsLaunchTests.swift in Sources */,
			);
			runOnlyForDeploymentPostprocessing = 0;
		};
/* End PBXSourcesBuildPhase section */

/* Begin PBXTargetDependency section */
		ADC1E21F293BF46D00175CF6 /* PBXTargetDependency */ = {
			isa = PBXTargetDependency;
			target = ADC1E20C293BF46700175CF6 /* TestScroll */;
			targetProxy = ADC1E21E293BF46D00175CF6 /* PBXContainerItemProxy */;
		};
		ADC1E229293BF46D00175CF6 /* PBXTargetDependency */ = {
			isa = PBXTargetDependency;
			target = ADC1E20C293BF46700175CF6 /* TestScroll */;
			targetProxy = ADC1E228293BF46D00175CF6 /* PBXContainerItemProxy */;
		};
/* End PBXTargetDependency section */

/* Begin XCBuildConfiguration section */
		ADC1E22F293BF46D00175CF6 /* Debug */ = {
			isa = XCBuildConfiguration;
			buildSettings = {
				ALWAYS_SEARCH_USER_PATHS = NO;
				CLANG_ANALYZER_NONNULL = YES;
				CLANG_ANALYZER_NUMBER_OBJECT_CONVERSION = YES_AGGRESSIVE;
				CLANG_CXX_LANGUAGE_STANDARD = "gnu++20";
				CLANG_ENABLE_MODULES = YES;
				CLANG_ENABLE_OBJC_ARC = YES;
				CLANG_ENABLE_OBJC_WEAK = YES;
				CLANG_WARN_BLOCK_CAPTURE_AUTORELEASING = YES;
				CLANG_WARN_BOOL_CONVERSION = YES;
				CLANG_WARN_COMMA = YES;
				CLANG_WARN_CONSTANT_CONVERSION = YES;
				CLANG_WARN_DEPRECATED_OBJC_IMPLEMENTATIONS = YES;
				CLANG_WARN_DIRECT_OBJC_ISA_USAGE = YES_ERROR;
				CLANG_WARN_DOCUMENTATION_COMMENTS = YES;
				CLANG_WARN_EMPTY_BODY = YES;
				CLANG_WARN_ENUM_CONVERSION = YES;
				CLANG_WARN_INFINITE_RECURSION = YES;
				CLANG_WARN_INT_CONVERSION = YES;
				CLANG_WARN_NON_LITERAL_NULL_CONVERSION = YES;
				CLANG_WARN_OBJC_IMPLICIT_RETAIN_SELF = YES;
				CLANG_WARN_OBJC_LITERAL_CONVERSION = YES;
				CLANG_WARN_OBJC_ROOT_CLASS = YES_ERROR;
				CLANG_WARN_QUOTED_INCLUDE_IN_FRAMEWORK_HEADER = YES;
				CLANG_WARN_RANGE_LOOP_ANALYSIS = YES;
				CLANG_WARN_STRICT_PROTOTYPES = YES;
				CLANG_WARN_SUSPICIOUS_MOVE = YES;
				CLANG_WARN_UNGUARDED_AVAILABILITY = YES_AGGRESSIVE;
				CLANG_WARN_UNREACHABLE_CODE = YES;
				CLANG_WARN__DUPLICATE_METHOD_MATCH = YES;
				COPY_PHASE_STRIP = NO;
				DEBUG_INFORMATION_FORMAT = dwarf;
				ENABLE_STRICT_OBJC_MSGSEND = YES;
				ENABLE_TESTABILITY = YES;
				GCC_C_LANGUAGE_STANDARD = gnu11;
				GCC_DYNAMIC_NO_PIC = NO;
				GCC_NO_COMMON_BLOCKS = YES;
				GCC_OPTIMIZATION_LEVEL = 0;
				GCC_PREPROCESSOR_DEFINITIONS = (
					"DEBUG=1",
					"$(inherited)",
				);
				GCC_WARN_64_TO_32_BIT_CONVERSION = YES;
				GCC_WARN_ABOUT_RETURN_TYPE = YES_ERROR;
				GCC_WARN_UNDECLARED_SELECTOR = YES;
				GCC_WARN_UNINITIALIZED_AUTOS = YES_AGGRESSIVE;
				GCC_WARN_UNUSED_FUNCTION = YES;
				GCC_WARN_UNUSED_VARIABLE = YES;
				IPHONEOS_DEPLOYMENT_TARGET = 16.0;
				MTL_ENABLE_DEBUG_INFO = INCLUDE_SOURCE;
				MTL_FAST_MATH = YES;
				ONLY_ACTIVE_ARCH = YES;
				SDKROOT = iphoneos;
				SWIFT_ACTIVE_COMPILATION_CONDITIONS = DEBUG;
				SWIFT_OPTIMIZATION_LEVEL = "-Onone";
			};
			name = Debug;
		};
		ADC1E230293BF46D00175CF6 /* Release */ = {
			isa = XCBuildConfiguration;
			buildSettings = {
				ALWAYS_SEARCH_USER_PATHS = NO;
				CLANG_ANALYZER_NONNULL = YES;
				CLANG_ANALYZER_NUMBER_OBJECT_CONVERSION = YES_AGGRESSIVE;
				CLANG_CXX_LANGUAGE_STANDARD = "gnu++20";
				CLANG_ENABLE_MODULES = YES;
				CLANG_ENABLE_OBJC_ARC = YES;
				CLANG_ENABLE_OBJC_WEAK = YES;
				CLANG_WARN_BLOCK_CAPTURE_AUTORELEASING = YES;
				CLANG_WARN_BOOL_CONVERSION = YES;
				CLANG_WARN_COMMA = YES;
				CLANG_WARN_CONSTANT_CONVERSION = YES;
				CLANG_WARN_DEPRECATED_OBJC_IMPLEMENTATIONS = YES;
				CLANG_WARN_DIRECT_OBJC_ISA_USAGE = YES_ERROR;
				CLANG_WARN_DOCUMENTATION_COMMENTS = YES;
				CLANG_WARN_EMPTY_BODY = YES;
				CLANG_WARN_ENUM_CONVERSION = YES;
				CLANG_WARN_INFINITE_RECURSION = YES;
				CLANG_WARN_INT_CONVERSION = YES;
				CLANG_WARN_NON_LITERAL_NULL_CONVERSION = YES;
				CLANG_WARN_OBJC_IMPLICIT_RETAIN_SELF = YES;
				CLANG_WARN_OBJC_LITERAL_CONVERSION = YES;
				CLANG_WARN_OBJC_ROOT_CLASS = YES_ERROR;
				CLANG_WARN_QUOTED_INCLUDE_IN_FRAMEWORK_HEADER = YES;
				CLANG_WARN_RANGE_LOOP_ANALYSIS = YES;
				CLANG_WARN_STRICT_PROTOTYPES = YES;
				CLANG_WARN_SUSPICIOUS_MOVE = YES;
				CLANG_WARN_UNGUARDED_AVAILABILITY = YES_AGGRESSIVE;
				CLANG_WARN_UNREACHABLE_CODE = YES;
				CLANG_WARN__DUPLICATE_METHOD_MATCH = YES;
				COPY_PHASE_STRIP = NO;
				DEBUG_INFORMATION_FORMAT = "dwarf-with-dsym";
				ENABLE_NS_ASSERTIONS = NO;
				ENABLE_STRICT_OBJC_MSGSEND = YES;
				GCC_C_LANGUAGE_STANDARD = gnu11;
				GCC_NO_COMMON_BLOCKS = YES;
				GCC_WARN_64_TO_32_BIT_CONVERSION = YES;
				GCC_WARN_ABOUT_RETURN_TYPE = YES_ERROR;
				GCC_WARN_UNDECLARED_SELECTOR = YES;
				GCC_WARN_UNINITIALIZED_AUTOS = YES_AGGRESSIVE;
				GCC_WARN_UNUSED_FUNCTION = YES;
				GCC_WARN_UNUSED_VARIABLE = YES;
				IPHONEOS_DEPLOYMENT_TARGET = 16.0;
				MTL_ENABLE_DEBUG_INFO = NO;
				MTL_FAST_MATH = YES;
				SDKROOT = iphoneos;
				SWIFT_COMPILATION_MODE = wholemodule;
				SWIFT_OPTIMIZATION_LEVEL = "-O";
				VALIDATE_PRODUCT = YES;
			};
			name = Release;
		};
		ADC1E232293BF46D00175CF6 /* Debug */ = {
			isa = XCBuildConfiguration;
			buildSettings = {
				ASSETCATALOG_COMPILER_APPICON_NAME = AppIcon;
				ASSETCATALOG_COMPILER_GLOBAL_ACCENT_COLOR_NAME = AccentColor;
				CODE_SIGN_STYLE = Automatic;
				CURRENT_PROJECT_VERSION = 1;
				DEVELOPMENT_ASSET_PATHS = "\"TestScroll/Preview Content\"";
				ENABLE_PREVIEWS = YES;
				GENERATE_INFOPLIST_FILE = YES;
				INFOPLIST_KEY_UIApplicationSceneManifest_Generation = YES;
				INFOPLIST_KEY_UIApplicationSupportsIndirectInputEvents = YES;
				INFOPLIST_KEY_UILaunchScreen_Generation = YES;
				INFOPLIST_KEY_UISupportedInterfaceOrientations_iPad = "UIInterfaceOrientationPortrait UIInterfaceOrientationPortraitUpsideDown UIInterfaceOrientationLandscapeLeft UIInterfaceOrientationLandscapeRight";
				INFOPLIST_KEY_UISupportedInterfaceOrientations_iPhone = "UIInterfaceOrientationPortrait UIInterfaceOrientationLandscapeLeft UIInterfaceOrientationLandscapeRight";
				LD_RUNPATH_SEARCH_PATHS = (
					"$(inherited)",
					"@executable_path/Frameworks",
				);
				MARKETING_VERSION = 1.0;
				PRODUCT_BUNDLE_IDENTIFIER = hchaehyun.TestScroll;
				PRODUCT_NAME = "$(TARGET_NAME)";
				SWIFT_EMIT_LOC_STRINGS = YES;
				SWIFT_VERSION = 5.0;
				TARGETED_DEVICE_FAMILY = "1,2";
			};
			name = Debug;
		};
		ADC1E233293BF46D00175CF6 /* Release */ = {
			isa = XCBuildConfiguration;
			buildSettings = {
				ASSETCATALOG_COMPILER_APPICON_NAME = AppIcon;
				ASSETCATALOG_COMPILER_GLOBAL_ACCENT_COLOR_NAME = AccentColor;
				CODE_SIGN_STYLE = Automatic;
				CURRENT_PROJECT_VERSION = 1;
				DEVELOPMENT_ASSET_PATHS = "\"TestScroll/Preview Content\"";
				ENABLE_PREVIEWS = YES;
				GENERATE_INFOPLIST_FILE = YES;
				INFOPLIST_KEY_UIApplicationSceneManifest_Generation = YES;
				INFOPLIST_KEY_UIApplicationSupportsIndirectInputEvents = YES;
				INFOPLIST_KEY_UILaunchScreen_Generation = YES;
				INFOPLIST_KEY_UISupportedInterfaceOrientations_iPad = "UIInterfaceOrientationPortrait UIInterfaceOrientationPortraitUpsideDown UIInterfaceOrientationLandscapeLeft UIInterfaceOrientationLandscapeRight";
				INFOPLIST_KEY_UISupportedInterfaceOrientations_iPhone = "UIInterfaceOrientationPortrait UIInterfaceOrientationLandscapeLeft UIInterfaceOrientationLandscapeRight";
				LD_RUNPATH_SEARCH_PATHS = (
					"$(inherited)",
					"@executable_path/Frameworks",
				);
				MARKETING_VERSION = 1.0;
				PRODUCT_BUNDLE_IDENTIFIER = hchaehyun.TestScroll;
				PRODUCT_NAME = "$(TARGET_NAME)";
				SWIFT_EMIT_LOC_STRINGS = YES;
				SWIFT_VERSION = 5.0;
				TARGETED_DEVICE_FAMILY = "1,2";
			};
			name = Release;
		};
		ADC1E235293BF46D00175CF6 /* Debug */ = {
			isa = XCBuildConfiguration;
			buildSettings = {
				ALWAYS_EMBED_SWIFT_STANDARD_LIBRARIES = YES;
				BUNDLE_LOADER = "$(TEST_HOST)";
				CODE_SIGN_STYLE = Automatic;
				CURRENT_PROJECT_VERSION = 1;
				GENERATE_INFOPLIST_FILE = YES;
				IPHONEOS_DEPLOYMENT_TARGET = 16.0;
				MARKETING_VERSION = 1.0;
				PRODUCT_BUNDLE_IDENTIFIER = hchaehyun.TestScrollTests;
				PRODUCT_NAME = "$(TARGET_NAME)";
				SWIFT_EMIT_LOC_STRINGS = NO;
				SWIFT_VERSION = 5.0;
				TARGETED_DEVICE_FAMILY = "1,2";
				TEST_HOST = "$(BUILT_PRODUCTS_DIR)/TestScroll.app/$(BUNDLE_EXECUTABLE_FOLDER_PATH)/TestScroll";
			};
			name = Debug;
		};
		ADC1E236293BF46D00175CF6 /* Release */ = {
			isa = XCBuildConfiguration;
			buildSettings = {
				ALWAYS_EMBED_SWIFT_STANDARD_LIBRARIES = YES;
				BUNDLE_LOADER = "$(TEST_HOST)";
				CODE_SIGN_STYLE = Automatic;
				CURRENT_PROJECT_VERSION = 1;
				GENERATE_INFOPLIST_FILE = YES;
				IPHONEOS_DEPLOYMENT_TARGET = 16.0;
				MARKETING_VERSION = 1.0;
				PRODUCT_BUNDLE_IDENTIFIER = hchaehyun.TestScrollTests;
				PRODUCT_NAME = "$(TARGET_NAME)";
				SWIFT_EMIT_LOC_STRINGS = NO;
				SWIFT_VERSION = 5.0;
				TARGETED_DEVICE_FAMILY = "1,2";
				TEST_HOST = "$(BUILT_PRODUCTS_DIR)/TestScroll.app/$(BUNDLE_EXECUTABLE_FOLDER_PATH)/TestScroll";
			};
			name = Release;
		};
		ADC1E238293BF46D00175CF6 /* Debug */ = {
			isa = XCBuildConfiguration;
			buildSettings = {
				ALWAYS_EMBED_SWIFT_STANDARD_LIBRARIES = YES;
				CODE_SIGN_STYLE = Automatic;
				CURRENT_PROJECT_VERSION = 1;
				GENERATE_INFOPLIST_FILE = YES;
				MARKETING_VERSION = 1.0;
				PRODUCT_BUNDLE_IDENTIFIER = hchaehyun.TestScrollUITests;
				PRODUCT_NAME = "$(TARGET_NAME)";
				SWIFT_EMIT_LOC_STRINGS = NO;
				SWIFT_VERSION = 5.0;
				TARGETED_DEVICE_FAMILY = "1,2";
				TEST_TARGET_NAME = TestScroll;
			};
			name = Debug;
		};
		ADC1E239293BF46D00175CF6 /* Release */ = {
			isa = XCBuildConfiguration;
			buildSettings = {
				ALWAYS_EMBED_SWIFT_STANDARD_LIBRARIES = YES;
				CODE_SIGN_STYLE = Automatic;
				CURRENT_PROJECT_VERSION = 1;
				GENERATE_INFOPLIST_FILE = YES;
				MARKETING_VERSION = 1.0;
				PRODUCT_BUNDLE_IDENTIFIER = hchaehyun.TestScrollUITests;
				PRODUCT_NAME = "$(TARGET_NAME)";
				SWIFT_EMIT_LOC_STRINGS = NO;
				SWIFT_VERSION = 5.0;
				TARGETED_DEVICE_FAMILY = "1,2";
				TEST_TARGET_NAME = TestScroll;
			};
			name = Release;
		};
/* End XCBuildConfiguration section */

/* Begin XCConfigurationList section */
		ADC1E208293BF46700175CF6 /* Build configuration list for PBXProject "TestScroll" */ = {
			isa = XCConfigurationList;
			buildConfigurations = (
				ADC1E22F293BF46D00175CF6 /* Debug */,
				ADC1E230293BF46D00175CF6 /* Release */,
			);
			defaultConfigurationIsVisible = 0;
			defaultConfigurationName = Release;
		};
		ADC1E231293BF46D00175CF6 /* Build configuration list for PBXNativeTarget "TestScroll" */ = {
			isa = XCConfigurationList;
			buildConfigurations = (
				ADC1E232293BF46D00175CF6 /* Debug */,
				ADC1E233293BF46D00175CF6 /* Release */,
			);
			defaultConfigurationIsVisible = 0;
			defaultConfigurationName = Release;
		};
		ADC1E234293BF46D00175CF6 /* Build configuration list for PBXNativeTarget "TestScrollTests" */ = {
			isa = XCConfigurationList;
			buildConfigurations = (
				ADC1E235293BF46D00175CF6 /* Debug */,
				ADC1E236293BF46D00175CF6 /* Release */,
			);
			defaultConfigurationIsVisible = 0;
			defaultConfigurationName = Release;
		};
		ADC1E237293BF46D00175CF6 /* Build configuration list for PBXNativeTarget "TestScrollUITests" */ = {
			isa = XCConfigurationList;
			buildConfigurations = (
				ADC1E238293BF46D00175CF6 /* Debug */,
				ADC1E239293BF46D00175CF6 /* Release */,
			);
			defaultConfigurationIsVisible = 0;
			defaultConfigurationName = Release;
		};
/* End XCConfigurationList section */
	};
	rootObject = ADC1E205293BF46700175CF6 /* Project object */;
}
