// !$*UTF8*$!
{
	archiveVersion = 1;
	classes = {
	};
	objectVersion = 56;
	objects = {

/* Begin PBXBuildFile section */
		DA55AF0A293BE04D0080D827 /* View1.swift in Sources */ = {isa = PBXBuildFile; fileRef = DA55AF09293BE04D0080D827 /* View1.swift */; };
		DA55AF0D293BE4A50080D827 /* View2.swift in Sources */ = {isa = PBXBuildFile; fileRef = DA55AF0C293BE4A50080D827 /* View2.swift */; };
		DA55AF16293BEEF10080D827 /* sc1.swift in Sources */ = {isa = PBXBuildFile; fileRef = DA55AF15293BEEF10080D827 /* sc1.swift */; };
		DA55AF18293BEEFB0080D827 /* sc2.swift in Sources */ = {isa = PBXBuildFile; fileRef = DA55AF17293BEEFB0080D827 /* sc2.swift */; };
		DA55AF1A293BEF050080D827 /* sc3.swift in Sources */ = {isa = PBXBuildFile; fileRef = DA55AF19293BEF050080D827 /* sc3.swift */; };
		DA59C0A6293B58D80051A4E0 /* Logo.swift in Sources */ = {isa = PBXBuildFile; fileRef = DA59C0A5293B58D80051A4E0 /* Logo.swift */; };
		DA59C0A8293B64300051A4E0 /* login.swift in Sources */ = {isa = PBXBuildFile; fileRef = DA59C0A7293B64300051A4E0 /* login.swift */; };
		DA59C0AE293B70D20051A4E0 /* bgc.swift in Sources */ = {isa = PBXBuildFile; fileRef = DA59C0AD293B70D20051A4E0 /* bgc.swift */; };
		DA83293E293BEFC8002A15B0 /* View3.swift in Sources */ = {isa = PBXBuildFile; fileRef = DA83293D293BEFC8002A15B0 /* View3.swift */; };
		DAA87D32292B192500E0CF02 /* shopApp.swift in Sources */ = {isa = PBXBuildFile; fileRef = DAA87D31292B192500E0CF02 /* shopApp.swift */; };
		DAA87D34292B192500E0CF02 /* ContentView.swift in Sources */ = {isa = PBXBuildFile; fileRef = DAA87D33292B192500E0CF02 /* ContentView.swift */; };
		DAA87D36292B192600E0CF02 /* Assets.xcassets in Resources */ = {isa = PBXBuildFile; fileRef = DAA87D35292B192600E0CF02 /* Assets.xcassets */; };
		DAA87D39292B192600E0CF02 /* Preview Assets.xcassets in Resources */ = {isa = PBXBuildFile; fileRef = DAA87D38292B192600E0CF02 /* Preview Assets.xcassets */; };
		DAA87D43292B192600E0CF02 /* shopTests.swift in Sources */ = {isa = PBXBuildFile; fileRef = DAA87D42292B192600E0CF02 /* shopTests.swift */; };
		DAA87D4D292B192600E0CF02 /* shopUITests.swift in Sources */ = {isa = PBXBuildFile; fileRef = DAA87D4C292B192600E0CF02 /* shopUITests.swift */; };
		DAA87D4F292B192600E0CF02 /* shopUITestsLaunchTests.swift in Sources */ = {isa = PBXBuildFile; fileRef = DAA87D4E292B192600E0CF02 /* shopUITestsLaunchTests.swift */; };
		DAC72A68293C7044006BF525 /* ev1.swift in Sources */ = {isa = PBXBuildFile; fileRef = DAC72A67293C7044006BF525 /* ev1.swift */; };
		DAC72A6A293C704B006BF525 /* ev2.swift in Sources */ = {isa = PBXBuildFile; fileRef = DAC72A69293C704B006BF525 /* ev2.swift */; };
		DAC72A6C293C7054006BF525 /* ev3.swift in Sources */ = {isa = PBXBuildFile; fileRef = DAC72A6B293C7054006BF525 /* ev3.swift */; };
		DAC72A6E293C7094006BF525 /* View4.swift in Sources */ = {isa = PBXBuildFile; fileRef = DAC72A6D293C7094006BF525 /* View4.swift */; };
/* End PBXBuildFile section */

/* Begin PBXContainerItemProxy section */
		DAA87D3F292B192600E0CF02 /* PBXContainerItemProxy */ = {
			isa = PBXContainerItemProxy;
			containerPortal = DAA87D26292B192500E0CF02 /* Project object */;
			proxyType = 1;
			remoteGlobalIDString = DAA87D2D292B192500E0CF02;
			remoteInfo = shop;
		};
		DAA87D49292B192600E0CF02 /* PBXContainerItemProxy */ = {
			isa = PBXContainerItemProxy;
			containerPortal = DAA87D26292B192500E0CF02 /* Project object */;
			proxyType = 1;
			remoteGlobalIDString = DAA87D2D292B192500E0CF02;
			remoteInfo = shop;
		};
/* End PBXContainerItemProxy section */

/* Begin PBXFileReference section */
		DA55AF09293BE04D0080D827 /* View1.swift */ = {isa = PBXFileReference; lastKnownFileType = sourcecode.swift; path = View1.swift; sourceTree = "<group>"; };
		DA55AF0C293BE4A50080D827 /* View2.swift */ = {isa = PBXFileReference; lastKnownFileType = sourcecode.swift; path = View2.swift; sourceTree = "<group>"; };
		DA55AF15293BEEF10080D827 /* sc1.swift */ = {isa = PBXFileReference; lastKnownFileType = sourcecode.swift; path = sc1.swift; sourceTree = "<group>"; };
		DA55AF17293BEEFB0080D827 /* sc2.swift */ = {isa = PBXFileReference; lastKnownFileType = sourcecode.swift; path = sc2.swift; sourceTree = "<group>"; };
		DA55AF19293BEF050080D827 /* sc3.swift */ = {isa = PBXFileReference; lastKnownFileType = sourcecode.swift; path = sc3.swift; sourceTree = "<group>"; };
		DA59C0A5293B58D80051A4E0 /* Logo.swift */ = {isa = PBXFileReference; lastKnownFileType = sourcecode.swift; path = Logo.swift; sourceTree = "<group>"; };
		DA59C0A7293B64300051A4E0 /* login.swift */ = {isa = PBXFileReference; lastKnownFileType = sourcecode.swift; path = login.swift; sourceTree = "<group>"; };
		DA59C0AD293B70D20051A4E0 /* bgc.swift */ = {isa = PBXFileReference; lastKnownFileType = sourcecode.swift; path = bgc.swift; sourceTree = "<group>"; };
		DA83293D293BEFC8002A15B0 /* View3.swift */ = {isa = PBXFileReference; lastKnownFileType = sourcecode.swift; path = View3.swift; sourceTree = "<group>"; };
		DAA87D2E292B192500E0CF02 /* shop.app */ = {isa = PBXFileReference; explicitFileType = wrapper.application; includeInIndex = 0; path = shop.app; sourceTree = BUILT_PRODUCTS_DIR; };
		DAA87D31292B192500E0CF02 /* shopApp.swift */ = {isa = PBXFileReference; lastKnownFileType = sourcecode.swift; path = shopApp.swift; sourceTree = "<group>"; };
		DAA87D33292B192500E0CF02 /* ContentView.swift */ = {isa = PBXFileReference; lastKnownFileType = sourcecode.swift; path = ContentView.swift; sourceTree = "<group>"; };
		DAA87D35292B192600E0CF02 /* Assets.xcassets */ = {isa = PBXFileReference; lastKnownFileType = folder.assetcatalog; path = Assets.xcassets; sourceTree = "<group>"; };
		DAA87D38292B192600E0CF02 /* Preview Assets.xcassets */ = {isa = PBXFileReference; lastKnownFileType = folder.assetcatalog; path = "Preview Assets.xcassets"; sourceTree = "<group>"; };
		DAA87D3E292B192600E0CF02 /* shopTests.xctest */ = {isa = PBXFileReference; explicitFileType = wrapper.cfbundle; includeInIndex = 0; path = shopTests.xctest; sourceTree = BUILT_PRODUCTS_DIR; };
		DAA87D42292B192600E0CF02 /* shopTests.swift */ = {isa = PBXFileReference; lastKnownFileType = sourcecode.swift; path = shopTests.swift; sourceTree = "<group>"; };
		DAA87D48292B192600E0CF02 /* shopUITests.xctest */ = {isa = PBXFileReference; explicitFileType = wrapper.cfbundle; includeInIndex = 0; path = shopUITests.xctest; sourceTree = BUILT_PRODUCTS_DIR; };
		DAA87D4C292B192600E0CF02 /* shopUITests.swift */ = {isa = PBXFileReference; lastKnownFileType = sourcecode.swift; path = shopUITests.swift; sourceTree = "<group>"; };
		DAA87D4E292B192600E0CF02 /* shopUITestsLaunchTests.swift */ = {isa = PBXFileReference; lastKnownFileType = sourcecode.swift; path = shopUITestsLaunchTests.swift; sourceTree = "<group>"; };
		DAC72A67293C7044006BF525 /* ev1.swift */ = {isa = PBXFileReference; lastKnownFileType = sourcecode.swift; path = ev1.swift; sourceTree = "<group>"; };
		DAC72A69293C704B006BF525 /* ev2.swift */ = {isa = PBXFileReference; lastKnownFileType = sourcecode.swift; path = ev2.swift; sourceTree = "<group>"; };
		DAC72A6B293C7054006BF525 /* ev3.swift */ = {isa = PBXFileReference; lastKnownFileType = sourcecode.swift; path = ev3.swift; sourceTree = "<group>"; };
		DAC72A6D293C7094006BF525 /* View4.swift */ = {isa = PBXFileReference; lastKnownFileType = sourcecode.swift; path = View4.swift; sourceTree = "<group>"; };
/* End PBXFileReference section */

/* Begin PBXFrameworksBuildPhase section */
		DAA87D2B292B192500E0CF02 /* Frameworks */ = {
			isa = PBXFrameworksBuildPhase;
			buildActionMask = 2147483647;
			files = (
			);
			runOnlyForDeploymentPostprocessing = 0;
		};
		DAA87D3B292B192600E0CF02 /* Frameworks */ = {
			isa = PBXFrameworksBuildPhase;
			buildActionMask = 2147483647;
			files = (
			);
			runOnlyForDeploymentPostprocessing = 0;
		};
		DAA87D45292B192600E0CF02 /* Frameworks */ = {
			isa = PBXFrameworksBuildPhase;
			buildActionMask = 2147483647;
			files = (
			);
			runOnlyForDeploymentPostprocessing = 0;
		};
/* End PBXFrameworksBuildPhase section */

/* Begin PBXGroup section */
		DA55AF0B293BE4530080D827 /* New Group */ = {
			isa = PBXGroup;
			children = (
				DA59C0AD293B70D20051A4E0 /* bgc.swift */,
				DA59C0A7293B64300051A4E0 /* login.swift */,
				DA59C0A5293B58D80051A4E0 /* Logo.swift */,
				DA55AF15293BEEF10080D827 /* sc1.swift */,
				DA55AF17293BEEFB0080D827 /* sc2.swift */,
				DA55AF19293BEF050080D827 /* sc3.swift */,
				DAC72A67293C7044006BF525 /* ev1.swift */,
				DAC72A69293C704B006BF525 /* ev2.swift */,
				DAC72A6B293C7054006BF525 /* ev3.swift */,
			);
			path = "New Group";
			sourceTree = "<group>";
		};
		DAA87D25292B192500E0CF02 = {
			isa = PBXGroup;
			children = (
				DAA87D30292B192500E0CF02 /* shop */,
				DAA87D41292B192600E0CF02 /* shopTests */,
				DAA87D4B292B192600E0CF02 /* shopUITests */,
				DAA87D2F292B192500E0CF02 /* Products */,
			);
			sourceTree = "<group>";
		};
		DAA87D2F292B192500E0CF02 /* Products */ = {
			isa = PBXGroup;
			children = (
				DAA87D2E292B192500E0CF02 /* shop.app */,
				DAA87D3E292B192600E0CF02 /* shopTests.xctest */,
				DAA87D48292B192600E0CF02 /* shopUITests.xctest */,
			);
			name = Products;
			sourceTree = "<group>";
		};
		DAA87D30292B192500E0CF02 /* shop */ = {
			isa = PBXGroup;
			children = (
				DA55AF0B293BE4530080D827 /* New Group */,
				DAA87D31292B192500E0CF02 /* shopApp.swift */,
				DAA87D33292B192500E0CF02 /* ContentView.swift */,
				DA55AF09293BE04D0080D827 /* View1.swift */,
				DA55AF0C293BE4A50080D827 /* View2.swift */,
				DA83293D293BEFC8002A15B0 /* View3.swift */,
				DAC72A6D293C7094006BF525 /* View4.swift */,
				DAA87D35292B192600E0CF02 /* Assets.xcassets */,
				DAA87D37292B192600E0CF02 /* Preview Content */,
			);
			path = shop;
			sourceTree = "<group>";
		};
		DAA87D37292B192600E0CF02 /* Preview Content */ = {
			isa = PBXGroup;
			children = (
				DAA87D38292B192600E0CF02 /* Preview Assets.xcassets */,
			);
			path = "Preview Content";
			sourceTree = "<group>";
		};
		DAA87D41292B192600E0CF02 /* shopTests */ = {
			isa = PBXGroup;
			children = (
				DAA87D42292B192600E0CF02 /* shopTests.swift */,
			);
			path = shopTests;
			sourceTree = "<group>";
		};
		DAA87D4B292B192600E0CF02 /* shopUITests */ = {
			isa = PBXGroup;
			children = (
				DAA87D4C292B192600E0CF02 /* shopUITests.swift */,
				DAA87D4E292B192600E0CF02 /* shopUITestsLaunchTests.swift */,
			);
			path = shopUITests;
			sourceTree = "<group>";
		};
/* End PBXGroup section */

/* Begin PBXNativeTarget section */
		DAA87D2D292B192500E0CF02 /* shop */ = {
			isa = PBXNativeTarget;
			buildConfigurationList = DAA87D52292B192600E0CF02 /* Build configuration list for PBXNativeTarget "shop" */;
			buildPhases = (
				DAA87D2A292B192500E0CF02 /* Sources */,
				DAA87D2B292B192500E0CF02 /* Frameworks */,
				DAA87D2C292B192500E0CF02 /* Resources */,
			);
			buildRules = (
			);
			dependencies = (
			);
			name = shop;
			productName = shop;
			productReference = DAA87D2E292B192500E0CF02 /* shop.app */;
			productType = "com.apple.product-type.application";
		};
		DAA87D3D292B192600E0CF02 /* shopTests */ = {
			isa = PBXNativeTarget;
			buildConfigurationList = DAA87D55292B192600E0CF02 /* Build configuration list for PBXNativeTarget "shopTests" */;
			buildPhases = (
				DAA87D3A292B192600E0CF02 /* Sources */,
				DAA87D3B292B192600E0CF02 /* Frameworks */,
				DAA87D3C292B192600E0CF02 /* Resources */,
			);
			buildRules = (
			);
			dependencies = (
				DAA87D40292B192600E0CF02 /* PBXTargetDependency */,
			);
			name = shopTests;
			productName = shopTests;
			productReference = DAA87D3E292B192600E0CF02 /* shopTests.xctest */;
			productType = "com.apple.product-type.bundle.unit-test";
		};
		DAA87D47292B192600E0CF02 /* shopUITests */ = {
			isa = PBXNativeTarget;
			buildConfigurationList = DAA87D58292B192600E0CF02 /* Build configuration list for PBXNativeTarget "shopUITests" */;
			buildPhases = (
				DAA87D44292B192600E0CF02 /* Sources */,
				DAA87D45292B192600E0CF02 /* Frameworks */,
				DAA87D46292B192600E0CF02 /* Resources */,
			);
			buildRules = (
			);
			dependencies = (
				DAA87D4A292B192600E0CF02 /* PBXTargetDependency */,
			);
			name = shopUITests;
			productName = shopUITests;
			productReference = DAA87D48292B192600E0CF02 /* shopUITests.xctest */;
			productType = "com.apple.product-type.bundle.ui-testing";
		};
/* End PBXNativeTarget section */

/* Begin PBXProject section */
		DAA87D26292B192500E0CF02 /* Project object */ = {
			isa = PBXProject;
			attributes = {
				BuildIndependentTargetsInParallel = 1;
				LastSwiftUpdateCheck = 1400;
				LastUpgradeCheck = 1400;
				TargetAttributes = {
					DAA87D2D292B192500E0CF02 = {
						CreatedOnToolsVersion = 14.0.1;
					};
					DAA87D3D292B192600E0CF02 = {
						CreatedOnToolsVersion = 14.0.1;
						TestTargetID = DAA87D2D292B192500E0CF02;
					};
					DAA87D47292B192600E0CF02 = {
						CreatedOnToolsVersion = 14.0.1;
						TestTargetID = DAA87D2D292B192500E0CF02;
					};
				};
			};
			buildConfigurationList = DAA87D29292B192500E0CF02 /* Build configuration list for PBXProject "shop" */;
			compatibilityVersion = "Xcode 14.0";
			developmentRegion = en;
			hasScannedForEncodings = 0;
			knownRegions = (
				en,
				Base,
			);
			mainGroup = DAA87D25292B192500E0CF02;
			productRefGroup = DAA87D2F292B192500E0CF02 /* Products */;
			projectDirPath = "";
			projectRoot = "";
			targets = (
				DAA87D2D292B192500E0CF02 /* shop */,
				DAA87D3D292B192600E0CF02 /* shopTests */,
				DAA87D47292B192600E0CF02 /* shopUITests */,
			);
		};
/* End PBXProject section */

/* Begin PBXResourcesBuildPhase section */
		DAA87D2C292B192500E0CF02 /* Resources */ = {
			isa = PBXResourcesBuildPhase;
			buildActionMask = 2147483647;
			files = (
				DAA87D39292B192600E0CF02 /* Preview Assets.xcassets in Resources */,
				DAA87D36292B192600E0CF02 /* Assets.xcassets in Resources */,
			);
			runOnlyForDeploymentPostprocessing = 0;
		};
		DAA87D3C292B192600E0CF02 /* Resources */ = {
			isa = PBXResourcesBuildPhase;
			buildActionMask = 2147483647;
			files = (
			);
			runOnlyForDeploymentPostprocessing = 0;
		};
		DAA87D46292B192600E0CF02 /* Resources */ = {
			isa = PBXResourcesBuildPhase;
			buildActionMask = 2147483647;
			files = (
			);
			runOnlyForDeploymentPostprocessing = 0;
		};
/* End PBXResourcesBuildPhase section */

/* Begin PBXSourcesBuildPhase section */
		DAA87D2A292B192500E0CF02 /* Sources */ = {
			isa = PBXSourcesBuildPhase;
			buildActionMask = 2147483647;
			files = (
				DAA87D34292B192500E0CF02 /* ContentView.swift in Sources */,
				DA55AF18293BEEFB0080D827 /* sc2.swift in Sources */,
				DA83293E293BEFC8002A15B0 /* View3.swift in Sources */,
				DA55AF0D293BE4A50080D827 /* View2.swift in Sources */,
				DAC72A68293C7044006BF525 /* ev1.swift in Sources */,
				DA55AF1A293BEF050080D827 /* sc3.swift in Sources */,
				DAC72A6C293C7054006BF525 /* ev3.swift in Sources */,
				DAC72A6E293C7094006BF525 /* View4.swift in Sources */,
				DAC72A6A293C704B006BF525 /* ev2.swift in Sources */,
				DA55AF0A293BE04D0080D827 /* View1.swift in Sources */,
				DA55AF16293BEEF10080D827 /* sc1.swift in Sources */,
				DA59C0A6293B58D80051A4E0 /* Logo.swift in Sources */,
				DAA87D32292B192500E0CF02 /* shopApp.swift in Sources */,
				DA59C0AE293B70D20051A4E0 /* bgc.swift in Sources */,
				DA59C0A8293B64300051A4E0 /* login.swift in Sources */,
			);
			runOnlyForDeploymentPostprocessing = 0;
		};
		DAA87D3A292B192600E0CF02 /* Sources */ = {
			isa = PBXSourcesBuildPhase;
			buildActionMask = 2147483647;
			files = (
				DAA87D43292B192600E0CF02 /* shopTests.swift in Sources */,
			);
			runOnlyForDeploymentPostprocessing = 0;
		};
		DAA87D44292B192600E0CF02 /* Sources */ = {
			isa = PBXSourcesBuildPhase;
			buildActionMask = 2147483647;
			files = (
				DAA87D4F292B192600E0CF02 /* shopUITestsLaunchTests.swift in Sources */,
				DAA87D4D292B192600E0CF02 /* shopUITests.swift in Sources */,
			);
			runOnlyForDeploymentPostprocessing = 0;
		};
/* End PBXSourcesBuildPhase section */

/* Begin PBXTargetDependency section */
		DAA87D40292B192600E0CF02 /* PBXTargetDependency */ = {
			isa = PBXTargetDependency;
			target = DAA87D2D292B192500E0CF02 /* shop */;
			targetProxy = DAA87D3F292B192600E0CF02 /* PBXContainerItemProxy */;
		};
		DAA87D4A292B192600E0CF02 /* PBXTargetDependency */ = {
			isa = PBXTargetDependency;
			target = DAA87D2D292B192500E0CF02 /* shop */;
			targetProxy = DAA87D49292B192600E0CF02 /* PBXContainerItemProxy */;
		};
/* End PBXTargetDependency section */

/* Begin XCBuildConfiguration section */
		DAA87D50292B192600E0CF02 /* Debug */ = {
			isa = XCBuildConfiguration;
			buildSettings = {
				ALWAYS_SEARCH_USER_PATHS = NO;
				CLANG_ANALYZER_NONNULL = YES;
				CLANG_ANALYZER_NUMBER_OBJECT_CONVERSION = YES_AGGRESSIVE;
				CLANG_CXX_LANGUAGE_STANDARD = "gnu++20";
				CLANG_ENABLE_MODULES = YES;
				CLANG_ENABLE_OBJC_ARC = YES;
				CLANG_ENABLE_OBJC_WEAK = YES;
				CLANG_WARN_BLOCK_CAPTURE_AUTORELEASING = YES;
				CLANG_WARN_BOOL_CONVERSION = YES;
				CLANG_WARN_COMMA = YES;
				CLANG_WARN_CONSTANT_CONVERSION = YES;
				CLANG_WARN_DEPRECATED_OBJC_IMPLEMENTATIONS = YES;
				CLANG_WARN_DIRECT_OBJC_ISA_USAGE = YES_ERROR;
				CLANG_WARN_DOCUMENTATION_COMMENTS = YES;
				CLANG_WARN_EMPTY_BODY = YES;
				CLANG_WARN_ENUM_CONVERSION = YES;
				CLANG_WARN_INFINITE_RECURSION = YES;
				CLANG_WARN_INT_CONVERSION = YES;
				CLANG_WARN_NON_LITERAL_NULL_CONVERSION = YES;
				CLANG_WARN_OBJC_IMPLICIT_RETAIN_SELF = YES;
				CLANG_WARN_OBJC_LITERAL_CONVERSION = YES;
				CLANG_WARN_OBJC_ROOT_CLASS = YES_ERROR;
				CLANG_WARN_QUOTED_INCLUDE_IN_FRAMEWORK_HEADER = YES;
				CLANG_WARN_RANGE_LOOP_ANALYSIS = YES;
				CLANG_WARN_STRICT_PROTOTYPES = YES;
				CLANG_WARN_SUSPICIOUS_MOVE = YES;
				CLANG_WARN_UNGUARDED_AVAILABILITY = YES_AGGRESSIVE;
				CLANG_WARN_UNREACHABLE_CODE = YES;
				CLANG_WARN__DUPLICATE_METHOD_MATCH = YES;
				COPY_PHASE_STRIP = NO;
				DEBUG_INFORMATION_FORMAT = dwarf;
				ENABLE_STRICT_OBJC_MSGSEND = YES;
				ENABLE_TESTABILITY = YES;
				GCC_C_LANGUAGE_STANDARD = gnu11;
				GCC_DYNAMIC_NO_PIC = NO;
				GCC_NO_COMMON_BLOCKS = YES;
				GCC_OPTIMIZATION_LEVEL = 0;
				GCC_PREPROCESSOR_DEFINITIONS = (
					"DEBUG=1",
					"$(inherited)",
				);
				GCC_WARN_64_TO_32_BIT_CONVERSION = YES;
				GCC_WARN_ABOUT_RETURN_TYPE = YES_ERROR;
				GCC_WARN_UNDECLARED_SELECTOR = YES;
				GCC_WARN_UNINITIALIZED_AUTOS = YES_AGGRESSIVE;
				GCC_WARN_UNUSED_FUNCTION = YES;
				GCC_WARN_UNUSED_VARIABLE = YES;
				IPHONEOS_DEPLOYMENT_TARGET = 16.0;
				MTL_ENABLE_DEBUG_INFO = INCLUDE_SOURCE;
				MTL_FAST_MATH = YES;
				ONLY_ACTIVE_ARCH = YES;
				SDKROOT = iphoneos;
				SWIFT_ACTIVE_COMPILATION_CONDITIONS = DEBUG;
				SWIFT_OPTIMIZATION_LEVEL = "-Onone";
			};
			name = Debug;
		};
		DAA87D51292B192600E0CF02 /* Release */ = {
			isa = XCBuildConfiguration;
			buildSettings = {
				ALWAYS_SEARCH_USER_PATHS = NO;
				CLANG_ANALYZER_NONNULL = YES;
				CLANG_ANALYZER_NUMBER_OBJECT_CONVERSION = YES_AGGRESSIVE;
				CLANG_CXX_LANGUAGE_STANDARD = "gnu++20";
				CLANG_ENABLE_MODULES = YES;
				CLANG_ENABLE_OBJC_ARC = YES;
				CLANG_ENABLE_OBJC_WEAK = YES;
				CLANG_WARN_BLOCK_CAPTURE_AUTORELEASING = YES;
				CLANG_WARN_BOOL_CONVERSION = YES;
				CLANG_WARN_COMMA = YES;
				CLANG_WARN_CONSTANT_CONVERSION = YES;
				CLANG_WARN_DEPRECATED_OBJC_IMPLEMENTATIONS = YES;
				CLANG_WARN_DIRECT_OBJC_ISA_USAGE = YES_ERROR;
				CLANG_WARN_DOCUMENTATION_COMMENTS = YES;
				CLANG_WARN_EMPTY_BODY = YES;
				CLANG_WARN_ENUM_CONVERSION = YES;
				CLANG_WARN_INFINITE_RECURSION = YES;
				CLANG_WARN_INT_CONVERSION = YES;
				CLANG_WARN_NON_LITERAL_NULL_CONVERSION = YES;
				CLANG_WARN_OBJC_IMPLICIT_RETAIN_SELF = YES;
				CLANG_WARN_OBJC_LITERAL_CONVERSION = YES;
				CLANG_WARN_OBJC_ROOT_CLASS = YES_ERROR;
				CLANG_WARN_QUOTED_INCLUDE_IN_FRAMEWORK_HEADER = YES;
				CLANG_WARN_RANGE_LOOP_ANALYSIS = YES;
				CLANG_WARN_STRICT_PROTOTYPES = YES;
				CLANG_WARN_SUSPICIOUS_MOVE = YES;
				CLANG_WARN_UNGUARDED_AVAILABILITY = YES_AGGRESSIVE;
				CLANG_WARN_UNREACHABLE_CODE = YES;
				CLANG_WARN__DUPLICATE_METHOD_MATCH = YES;
				COPY_PHASE_STRIP = NO;
				DEBUG_INFORMATION_FORMAT = "dwarf-with-dsym";
				ENABLE_NS_ASSERTIONS = NO;
				ENABLE_STRICT_OBJC_MSGSEND = YES;
				GCC_C_LANGUAGE_STANDARD = gnu11;
				GCC_NO_COMMON_BLOCKS = YES;
				GCC_WARN_64_TO_32_BIT_CONVERSION = YES;
				GCC_WARN_ABOUT_RETURN_TYPE = YES_ERROR;
				GCC_WARN_UNDECLARED_SELECTOR = YES;
				GCC_WARN_UNINITIALIZED_AUTOS = YES_AGGRESSIVE;
				GCC_WARN_UNUSED_FUNCTION = YES;
				GCC_WARN_UNUSED_VARIABLE = YES;
				IPHONEOS_DEPLOYMENT_TARGET = 16.0;
				MTL_ENABLE_DEBUG_INFO = NO;
				MTL_FAST_MATH = YES;
				SDKROOT = iphoneos;
				SWIFT_COMPILATION_MODE = wholemodule;
				SWIFT_OPTIMIZATION_LEVEL = "-O";
				VALIDATE_PRODUCT = YES;
			};
			name = Release;
		};
		DAA87D53292B192600E0CF02 /* Debug */ = {
			isa = XCBuildConfiguration;
			buildSettings = {
				ASSETCATALOG_COMPILER_APPICON_NAME = AppIcon;
				ASSETCATALOG_COMPILER_GLOBAL_ACCENT_COLOR_NAME = AccentColor;
				CODE_SIGN_STYLE = Automatic;
				CURRENT_PROJECT_VERSION = 1;
				DEVELOPMENT_ASSET_PATHS = "\"shop/Preview Content\"";
				ENABLE_PREVIEWS = YES;
				GENERATE_INFOPLIST_FILE = YES;
				INFOPLIST_KEY_UIApplicationSceneManifest_Generation = YES;
				INFOPLIST_KEY_UIApplicationSupportsIndirectInputEvents = YES;
				INFOPLIST_KEY_UILaunchScreen_Generation = YES;
				INFOPLIST_KEY_UISupportedInterfaceOrientations_iPad = "UIInterfaceOrientationPortrait UIInterfaceOrientationPortraitUpsideDown UIInterfaceOrientationLandscapeLeft UIInterfaceOrientationLandscapeRight";
				INFOPLIST_KEY_UISupportedInterfaceOrientations_iPhone = "UIInterfaceOrientationPortrait UIInterfaceOrientationLandscapeLeft UIInterfaceOrientationLandscapeRight";
				LD_RUNPATH_SEARCH_PATHS = (
					"$(inherited)",
					"@executable_path/Frameworks",
				);
				MARKETING_VERSION = 1.0;
				PRODUCT_BUNDLE_IDENTIFIER = test.2.shop;
				PRODUCT_NAME = "$(TARGET_NAME)";
				SWIFT_EMIT_LOC_STRINGS = YES;
				SWIFT_VERSION = 5.0;
				TARGETED_DEVICE_FAMILY = "1,2";
			};
			name = Debug;
		};
		DAA87D54292B192600E0CF02 /* Release */ = {
			isa = XCBuildConfiguration;
			buildSettings = {
				ASSETCATALOG_COMPILER_APPICON_NAME = AppIcon;
				ASSETCATALOG_COMPILER_GLOBAL_ACCENT_COLOR_NAME = AccentColor;
				CODE_SIGN_STYLE = Automatic;
				CURRENT_PROJECT_VERSION = 1;
				DEVELOPMENT_ASSET_PATHS = "\"shop/Preview Content\"";
				ENABLE_PREVIEWS = YES;
				GENERATE_INFOPLIST_FILE = YES;
				INFOPLIST_KEY_UIApplicationSceneManifest_Generation = YES;
				INFOPLIST_KEY_UIApplicationSupportsIndirectInputEvents = YES;
				INFOPLIST_KEY_UILaunchScreen_Generation = YES;
				INFOPLIST_KEY_UISupportedInterfaceOrientations_iPad = "UIInterfaceOrientationPortrait UIInterfaceOrientationPortraitUpsideDown UIInterfaceOrientationLandscapeLeft UIInterfaceOrientationLandscapeRight";
				INFOPLIST_KEY_UISupportedInterfaceOrientations_iPhone = "UIInterfaceOrientationPortrait UIInterfaceOrientationLandscapeLeft UIInterfaceOrientationLandscapeRight";
				LD_RUNPATH_SEARCH_PATHS = (
					"$(inherited)",
					"@executable_path/Frameworks",
				);
				MARKETING_VERSION = 1.0;
				PRODUCT_BUNDLE_IDENTIFIER = test.2.shop;
				PRODUCT_NAME = "$(TARGET_NAME)";
				SWIFT_EMIT_LOC_STRINGS = YES;
				SWIFT_VERSION = 5.0;
				TARGETED_DEVICE_FAMILY = "1,2";
			};
			name = Release;
		};
		DAA87D56292B192600E0CF02 /* Debug */ = {
			isa = XCBuildConfiguration;
			buildSettings = {
				ALWAYS_EMBED_SWIFT_STANDARD_LIBRARIES = YES;
				BUNDLE_LOADER = "$(TEST_HOST)";
				CODE_SIGN_STYLE = Automatic;
				CURRENT_PROJECT_VERSION = 1;
				GENERATE_INFOPLIST_FILE = YES;
				IPHONEOS_DEPLOYMENT_TARGET = 16.0;
				MARKETING_VERSION = 1.0;
				PRODUCT_BUNDLE_IDENTIFIER = test.2.shopTests;
				PRODUCT_NAME = "$(TARGET_NAME)";
				SWIFT_EMIT_LOC_STRINGS = NO;
				SWIFT_VERSION = 5.0;
				TARGETED_DEVICE_FAMILY = "1,2";
				TEST_HOST = "$(BUILT_PRODUCTS_DIR)/shop.app/$(BUNDLE_EXECUTABLE_FOLDER_PATH)/shop";
			};
			name = Debug;
		};
		DAA87D57292B192600E0CF02 /* Release */ = {
			isa = XCBuildConfiguration;
			buildSettings = {
				ALWAYS_EMBED_SWIFT_STANDARD_LIBRARIES = YES;
				BUNDLE_LOADER = "$(TEST_HOST)";
				CODE_SIGN_STYLE = Automatic;
				CURRENT_PROJECT_VERSION = 1;
				GENERATE_INFOPLIST_FILE = YES;
				IPHONEOS_DEPLOYMENT_TARGET = 16.0;
				MARKETING_VERSION = 1.0;
				PRODUCT_BUNDLE_IDENTIFIER = test.2.shopTests;
				PRODUCT_NAME = "$(TARGET_NAME)";
				SWIFT_EMIT_LOC_STRINGS = NO;
				SWIFT_VERSION = 5.0;
				TARGETED_DEVICE_FAMILY = "1,2";
				TEST_HOST = "$(BUILT_PRODUCTS_DIR)/shop.app/$(BUNDLE_EXECUTABLE_FOLDER_PATH)/shop";
			};
			name = Release;
		};
		DAA87D59292B192600E0CF02 /* Debug */ = {
			isa = XCBuildConfiguration;
			buildSettings = {
				ALWAYS_EMBED_SWIFT_STANDARD_LIBRARIES = YES;
				CODE_SIGN_STYLE = Automatic;
				CURRENT_PROJECT_VERSION = 1;
				GENERATE_INFOPLIST_FILE = YES;
				MARKETING_VERSION = 1.0;
				PRODUCT_BUNDLE_IDENTIFIER = test.2.shopUITests;
				PRODUCT_NAME = "$(TARGET_NAME)";
				SWIFT_EMIT_LOC_STRINGS = NO;
				SWIFT_VERSION = 5.0;
				TARGETED_DEVICE_FAMILY = "1,2";
				TEST_TARGET_NAME = shop;
			};
			name = Debug;
		};
		DAA87D5A292B192600E0CF02 /* Release */ = {
			isa = XCBuildConfiguration;
			buildSettings = {
				ALWAYS_EMBED_SWIFT_STANDARD_LIBRARIES = YES;
				CODE_SIGN_STYLE = Automatic;
				CURRENT_PROJECT_VERSION = 1;
				GENERATE_INFOPLIST_FILE = YES;
				MARKETING_VERSION = 1.0;
				PRODUCT_BUNDLE_IDENTIFIER = test.2.shopUITests;
				PRODUCT_NAME = "$(TARGET_NAME)";
				SWIFT_EMIT_LOC_STRINGS = NO;
				SWIFT_VERSION = 5.0;
				TARGETED_DEVICE_FAMILY = "1,2";
				TEST_TARGET_NAME = shop;
			};
			name = Release;
		};
/* End XCBuildConfiguration section */

/* Begin XCConfigurationList section */
		DAA87D29292B192500E0CF02 /* Build configuration list for PBXProject "shop" */ = {
			isa = XCConfigurationList;
			buildConfigurations = (
				DAA87D50292B192600E0CF02 /* Debug */,
				DAA87D51292B192600E0CF02 /* Release */,
			);
			defaultConfigurationIsVisible = 0;
			defaultConfigurationName = Release;
		};
		DAA87D52292B192600E0CF02 /* Build configuration list for PBXNativeTarget "shop" */ = {
			isa = XCConfigurationList;
			buildConfigurations = (
				DAA87D53292B192600E0CF02 /* Debug */,
				DAA87D54292B192600E0CF02 /* Release */,
			);
			defaultConfigurationIsVisible = 0;
			defaultConfigurationName = Release;
		};
		DAA87D55292B192600E0CF02 /* Build configuration list for PBXNativeTarget "shopTests" */ = {
			isa = XCConfigurationList;
			buildConfigurations = (
				DAA87D56292B192600E0CF02 /* Debug */,
				DAA87D57292B192600E0CF02 /* Release */,
			);
			defaultConfigurationIsVisible = 0;
			defaultConfigurationName = Release;
		};
		DAA87D58292B192600E0CF02 /* Build configuration list for PBXNativeTarget "shopUITests" */ = {
			isa = XCConfigurationList;
			buildConfigurations = (
				DAA87D59292B192600E0CF02 /* Debug */,
				DAA87D5A292B192600E0CF02 /* Release */,
			);
			defaultConfigurationIsVisible = 0;
			defaultConfigurationName = Release;
		};
/* End XCConfigurationList section */
	};
	rootObject = DAA87D26292B192500E0CF02 /* Project object */;
}
